// !$*UTF8*$!
{
	archiveVersion = 1;
	classes = {
	};
	objectVersion = 52;
	objects = {

/* Begin PBXBuildFile section */
		04235C742549386100BA2BB1 /* OrderStatus.storyboard in Resources */ = {isa = PBXBuildFile; fileRef = 04235C732549386100BA2BB1 /* OrderStatus.storyboard */; };
		04235C7725493A7100BA2BB1 /* OrderStatusController.swift in Sources */ = {isa = PBXBuildFile; fileRef = 04235C7625493A7100BA2BB1 /* OrderStatusController.swift */; };
		04235C7A25493CB200BA2BB1 /* OrderStatusModel.swift in Sources */ = {isa = PBXBuildFile; fileRef = 04235C7925493CB200BA2BB1 /* OrderStatusModel.swift */; };
		04235C7D254949D300BA2BB1 /* OrderStatusCell.swift in Sources */ = {isa = PBXBuildFile; fileRef = 04235C7C254949D300BA2BB1 /* OrderStatusCell.swift */; };
		04235C81254AA2F500BA2BB1 /* OrderStatusDetailController.swift in Sources */ = {isa = PBXBuildFile; fileRef = 04235C80254AA2F500BA2BB1 /* OrderStatusDetailController.swift */; };
		04235C84254AA94E00BA2BB1 /* OrderStatusDetail.swift in Sources */ = {isa = PBXBuildFile; fileRef = 04235C83254AA94E00BA2BB1 /* OrderStatusDetail.swift */; };
		04235C87254AB05B00BA2BB1 /* OrderStatusDetailCell.swift in Sources */ = {isa = PBXBuildFile; fileRef = 04235C86254AB05B00BA2BB1 /* OrderStatusDetailCell.swift */; };
		04235C8A254AB35D00BA2BB1 /* OrderStatusDetailModel.swift in Sources */ = {isa = PBXBuildFile; fileRef = 04235C89254AB35D00BA2BB1 /* OrderStatusDetailModel.swift */; };
		04235C8D254AB36B00BA2BB1 /* OrderStatusDetailExtraModel.swift in Sources */ = {isa = PBXBuildFile; fileRef = 04235C8C254AB36B00BA2BB1 /* OrderStatusDetailExtraModel.swift */; };
		043DACAC253DA51500C70102 /* MainPageUltraStore.swift in Sources */ = {isa = PBXBuildFile; fileRef = 043DACAB253DA51500C70102 /* MainPageUltraStore.swift */; };
		043DACAF253DA54600C70102 /* UltraStoreListModel.swift in Sources */ = {isa = PBXBuildFile; fileRef = 043DACAE253DA54600C70102 /* UltraStoreListModel.swift */; };
		043DACB3253DA69200C70102 /* MainPageUltraStoreCell.swift in Sources */ = {isa = PBXBuildFile; fileRef = 043DACB2253DA69200C70102 /* MainPageUltraStoreCell.swift */; };
		043DACB7253DABFB00C70102 /* EventListModel.swift in Sources */ = {isa = PBXBuildFile; fileRef = 043DACB6253DABFB00C70102 /* EventListModel.swift */; };
		043DACBB253DAC5600C70102 /* UrlMaker.swift in Sources */ = {isa = PBXBuildFile; fileRef = 043DACBA253DAC5600C70102 /* UrlMaker.swift */; };
		04583811264E5F92001EE85E /* AppTrackingTransparency.framework in Frameworks */ = {isa = PBXBuildFile; fileRef = 04583810264E5F92001EE85E /* AppTrackingTransparency.framework */; settings = {ATTRIBUTES = (Weak, ); }; };
		046B7A3425B1A416001B8751 /* GoogleService-Info.plist in Resources */ = {isa = PBXBuildFile; fileRef = 046B7A3325B1A416001B8751 /* GoogleService-Info.plist */; };
		048A0BD82540117B007D4FD3 /* MainPageNewStore.swift in Sources */ = {isa = PBXBuildFile; fileRef = 048A0BD72540117B007D4FD3 /* MainPageNewStore.swift */; };
		048A0BDB25401194007D4FD3 /* MainPageNewStoreCell.swift in Sources */ = {isa = PBXBuildFile; fileRef = 048A0BDA25401194007D4FD3 /* MainPageNewStoreCell.swift */; };
		048A0BDE2540120A007D4FD3 /* NewStoreListModel.swift in Sources */ = {isa = PBXBuildFile; fileRef = 048A0BDD2540120A007D4FD3 /* NewStoreListModel.swift */; };
		048A0BE22541ACBE007D4FD3 /* testController.storyboard in Resources */ = {isa = PBXBuildFile; fileRef = 048A0BE12541ACBE007D4FD3 /* testController.storyboard */; };
		048A0BE52541AD71007D4FD3 /* testController.swift in Sources */ = {isa = PBXBuildFile; fileRef = 048A0BE42541AD71007D4FD3 /* testController.swift */; };
		048D55A3253C67B8009E9CE4 /* MainPage.storyboard in Resources */ = {isa = PBXBuildFile; fileRef = 048D55A2253C67B8009E9CE4 /* MainPage.storyboard */; };
		048D55A6253C67EC009E9CE4 /* MainPageController.swift in Sources */ = {isa = PBXBuildFile; fileRef = 048D55A5253C67EC009E9CE4 /* MainPageController.swift */; };
		048D55B6253D2E0F009E9CE4 /* MainPageEvent.swift in Sources */ = {isa = PBXBuildFile; fileRef = 048D55B5253D2E0F009E9CE4 /* MainPageEvent.swift */; };
		048D55BA253D575A009E9CE4 /* TypeListModel.swift in Sources */ = {isa = PBXBuildFile; fileRef = 048D55B9253D575A009E9CE4 /* TypeListModel.swift */; };
		048D55E0253D838E009E9CE4 /* MainPageType.swift in Sources */ = {isa = PBXBuildFile; fileRef = 048D55DF253D838E009E9CE4 /* MainPageType.swift */; };
		048D55E3253D83AD009E9CE4 /* MainPageTypeCell.swift in Sources */ = {isa = PBXBuildFile; fileRef = 048D55E2253D83AD009E9CE4 /* MainPageTypeCell.swift */; };
		048D55E7253D91C6009E9CE4 /* MainPageEventCell.swift in Sources */ = {isa = PBXBuildFile; fileRef = 048D55E6253D91C6009E9CE4 /* MainPageEventCell.swift */; };
		04B28D4D255245B5007D1ED6 /* FIrebaseTest.swift in Sources */ = {isa = PBXBuildFile; fileRef = 04B28D4C255245B5007D1ED6 /* FIrebaseTest.swift */; };
		04B8679A253B0ECD00336175 /* AppDelegate.swift in Sources */ = {isa = PBXBuildFile; fileRef = 04B86799253B0ECD00336175 /* AppDelegate.swift */; };
		04B8679C253B0ECD00336175 /* SceneDelegate.swift in Sources */ = {isa = PBXBuildFile; fileRef = 04B8679B253B0ECD00336175 /* SceneDelegate.swift */; };
		04B8679E253B0ECD00336175 /* ViewController.swift in Sources */ = {isa = PBXBuildFile; fileRef = 04B8679D253B0ECD00336175 /* ViewController.swift */; };
		04B867A3253B0ECF00336175 /* Assets.xcassets in Resources */ = {isa = PBXBuildFile; fileRef = 04B867A2253B0ECF00336175 /* Assets.xcassets */; };
		04B867A6253B0ECF00336175 /* LaunchScreen.storyboard in Resources */ = {isa = PBXBuildFile; fileRef = 04B867A4253B0ECF00336175 /* LaunchScreen.storyboard */; };
		04D11F3B2543D2F100ADB210 /* OrderHistoryController.swift in Sources */ = {isa = PBXBuildFile; fileRef = 04D11F3A2543D2F100ADB210 /* OrderHistoryController.swift */; };
		04D11F422543D31900ADB210 /* OrderHistory.storyboard in Resources */ = {isa = PBXBuildFile; fileRef = 04D11F412543D31900ADB210 /* OrderHistory.storyboard */; };
		04D11F452543D41D00ADB210 /* OrderHistoryModel.swift in Sources */ = {isa = PBXBuildFile; fileRef = 04D11F442543D41D00ADB210 /* OrderHistoryModel.swift */; };
		04D11F482543ECB800ADB210 /* OrderHistoryCell.swift in Sources */ = {isa = PBXBuildFile; fileRef = 04D11F472543ECB800ADB210 /* OrderHistoryCell.swift */; };
		04D11F4B2544010800ADB210 /* MainPageSearchController.swift in Sources */ = {isa = PBXBuildFile; fileRef = 04D11F4A2544010800ADB210 /* MainPageSearchController.swift */; };
		04D11F4F25441CC000ADB210 /* OrderHistoryDetailController.swift in Sources */ = {isa = PBXBuildFile; fileRef = 04D11F4E25441CC000ADB210 /* OrderHistoryDetailController.swift */; };
		04D11F5225443F1100ADB210 /* OrderHistoryDetailModel.swift in Sources */ = {isa = PBXBuildFile; fileRef = 04D11F5125443F1100ADB210 /* OrderHistoryDetailModel.swift */; };
		04D11F552544406900ADB210 /* OrderHistoryDetailExtraModel.swift in Sources */ = {isa = PBXBuildFile; fileRef = 04D11F542544406900ADB210 /* OrderHistoryDetailExtraModel.swift */; };
		04D11F59254676AE00ADB210 /* OrderHistoryDetail.swift in Sources */ = {isa = PBXBuildFile; fileRef = 04D11F58254676AE00ADB210 /* OrderHistoryDetail.swift */; };
		04D11F5D2546781A00ADB210 /* OrderHistoryDetailCell.swift in Sources */ = {isa = PBXBuildFile; fileRef = 04D11F5C2546781A00ADB210 /* OrderHistoryDetailCell.swift */; };
		04DDBA2525A83DAC00C65AFC /* location_information.html in Resources */ = {isa = PBXBuildFile; fileRef = 04DDBA2225A83DAC00C65AFC /* location_information.html */; };
		04DDBA2625A83DAC00C65AFC /* terms_of_service.html in Resources */ = {isa = PBXBuildFile; fileRef = 04DDBA2325A83DAC00C65AFC /* terms_of_service.html */; };
		04DDBA2725A83DAC00C65AFC /* privacy_statement.html in Resources */ = {isa = PBXBuildFile; fileRef = 04DDBA2425A83DAC00C65AFC /* privacy_statement.html */; };
		3F041C66256FB689006A2B3B /* PhoneSendForRegister.swift in Sources */ = {isa = PBXBuildFile; fileRef = 3F041C65256FB689006A2B3B /* PhoneSendForRegister.swift */; };
		3F05C564254116AC0066DAAD /* MyPageController.swift in Sources */ = {isa = PBXBuildFile; fileRef = 3F05C563254116AC0066DAAD /* MyPageController.swift */; };
		3F05C567254116C70066DAAD /* MyPage.storyboard in Resources */ = {isa = PBXBuildFile; fileRef = 3F05C566254116C70066DAAD /* MyPage.storyboard */; settings = {ASSET_TAGS = (MyPageController, ); }; };
		3F0EB738255A70C400F72604 /* SendServerOrders.swift in Sources */ = {isa = PBXBuildFile; fileRef = 3F0EB737255A70C400F72604 /* SendServerOrders.swift */; };
		3F0F6EAB25514F0B00099ACC /* MyBootPayController.swift in Sources */ = {isa = PBXBuildFile; fileRef = 3F0F6EAA25514F0B00099ACC /* MyBootPayController.swift */; };
		3F0F6EAF25514F1B00099ACC /* BootPay.storyboard in Resources */ = {isa = PBXBuildFile; fileRef = 3F0F6EAE25514F1B00099ACC /* BootPay.storyboard */; };
		3F1C4A55259C21E3002C5B5D /* LoginDialog.swift in Sources */ = {isa = PBXBuildFile; fileRef = 3F1C4A54259C21E3002C5B5D /* LoginDialog.swift */; };
		3F1C4A5A259C44A5002C5B5D /* KituraWebSocketClient in Frameworks */ = {isa = PBXBuildFile; productRef = 3F1C4A59259C44A5002C5B5D /* KituraWebSocketClient */; };
		3F1C4A61259C4E8A002C5B5D /* SendMessage.swift in Sources */ = {isa = PBXBuildFile; fileRef = 3F1C4A60259C4E8A002C5B5D /* SendMessage.swift */; };
		3F1C4A8625A47AB2002C5B5D /* FirstPageController.swift in Sources */ = {isa = PBXBuildFile; fileRef = 3F1C4A8525A47AB2002C5B5D /* FirstPageController.swift */; };
		3F1C4A8925A47AE8002C5B5D /* FirstPage.storyboard in Resources */ = {isa = PBXBuildFile; fileRef = 3F1C4A8825A47AE8002C5B5D /* FirstPage.storyboard */; };
		3F418FCF254808E100D89665 /* BottomTabBar.storyboard in Resources */ = {isa = PBXBuildFile; fileRef = 3F418FCE254808E100D89665 /* BottomTabBar.storyboard */; };
		3F499080253EB18B00372F83 /* LoginPage.storyboard in Resources */ = {isa = PBXBuildFile; fileRef = 3F49907F253EB18B00372F83 /* LoginPage.storyboard */; };
		3F4C5A9F253ECAD700C0E7B6 /* NotoSansKR-Black.otf in Resources */ = {isa = PBXBuildFile; fileRef = 3F4C5A9A253ECAD700C0E7B6 /* NotoSansKR-Black.otf */; };
		3F4C5AA0253ECAD700C0E7B6 /* NotoSansKR-Regular.otf in Resources */ = {isa = PBXBuildFile; fileRef = 3F4C5A9B253ECAD700C0E7B6 /* NotoSansKR-Regular.otf */; };
		3F4C5AA1253ECAD700C0E7B6 /* NotoSansKR-Bold.otf in Resources */ = {isa = PBXBuildFile; fileRef = 3F4C5A9C253ECAD700C0E7B6 /* NotoSansKR-Bold.otf */; };
		3F4C5AA2253ECAD700C0E7B6 /* NotoSansKR-Thin.otf in Resources */ = {isa = PBXBuildFile; fileRef = 3F4C5A9D253ECAD700C0E7B6 /* NotoSansKR-Thin.otf */; };
		3F4C5AA3253ECAD700C0E7B6 /* NotoSansKR-Light.otf in Resources */ = {isa = PBXBuildFile; fileRef = 3F4C5A9E253ECAD700C0E7B6 /* NotoSansKR-Light.otf */; };
		3F4C5AB7253ED5D000C0E7B6 /* uiViewSettingAttribute.swift in Sources */ = {isa = PBXBuildFile; fileRef = 3F4C5AB6253ED5D000C0E7B6 /* uiViewSettingAttribute.swift */; };
		3F65DCF8254854B40029D36E /* uiLabelAnimation.swift in Sources */ = {isa = PBXBuildFile; fileRef = 3F65DCF7254854B40029D36E /* uiLabelAnimation.swift */; };
		3F6D861B25653BAA00D65CAC /* ToastMessage.swift in Sources */ = {isa = PBXBuildFile; fileRef = 3F6D861A25653BAA00D65CAC /* ToastMessage.swift */; };
		3F90855F257525B100D13759 /* LogoutDialog.swift in Sources */ = {isa = PBXBuildFile; fileRef = 3F90855E257525B100D13759 /* LogoutDialog.swift */; };
		3F9B48ED254946720012D89F /* ChangePass2.swift in Sources */ = {isa = PBXBuildFile; fileRef = 3F9B48EC254946720012D89F /* ChangePass2.swift */; };
		3FA0D067256B4CBC004E4D83 /* PhoneCheckForRegister.swift in Sources */ = {isa = PBXBuildFile; fileRef = 3FA0D066256B4CBC004E4D83 /* PhoneCheckForRegister.swift */; };
		3FA196F52547E34E007CD182 /* BottomTabBarController.swift in Sources */ = {isa = PBXBuildFile; fileRef = 3FA196F42547E34E007CD182 /* BottomTabBarController.swift */; };
		3FA3CEC0256ABB78006F857C /* BasketDialog.swift in Sources */ = {isa = PBXBuildFile; fileRef = 3FA3CEBF256ABB78006F857C /* BasketDialog.swift */; };
		3FA4FC832542898E00EF2894 /* MyPageButtons.swift in Sources */ = {isa = PBXBuildFile; fileRef = 3FA4FC822542898E00EF2894 /* MyPageButtons.swift */; };
		3FAD95A325527EC600091E3D /* Order.swift in Sources */ = {isa = PBXBuildFile; fileRef = 3FAD95A225527EC600091E3D /* Order.swift */; };
		3FC20E5A2546E62400EEE783 /* NoticeCell.swift in Sources */ = {isa = PBXBuildFile; fileRef = 3FC20E592546E62400EEE783 /* NoticeCell.swift */; };
		3FC20E5D2546EEE600EEE783 /* ChangePass.swift in Sources */ = {isa = PBXBuildFile; fileRef = 3FC20E5C2546EEE600EEE783 /* ChangePass.swift */; };
		3FC20E602546EF0500EEE783 /* ChangePass.storyboard in Resources */ = {isa = PBXBuildFile; fileRef = 3FC20E5F2546EF0500EEE783 /* ChangePass.storyboard */; };
		3FC20E632546EFD400EEE783 /* ChangeEmail.swift in Sources */ = {isa = PBXBuildFile; fileRef = 3FC20E622546EFD400EEE783 /* ChangeEmail.swift */; };
		3FC20E662546EFF700EEE783 /* ChangeEmail.storyboard in Resources */ = {isa = PBXBuildFile; fileRef = 3FC20E652546EFF700EEE783 /* ChangeEmail.storyboard */; };
		3FCC4814257A649B00BAD807 /* AlertContentController.swift in Sources */ = {isa = PBXBuildFile; fileRef = 3FCC4813257A649B00BAD807 /* AlertContentController.swift */; };
		3FDE5E5E2546A16C00C05514 /* Terms.swift in Sources */ = {isa = PBXBuildFile; fileRef = 3FDE5E5D2546A16C00C05514 /* Terms.swift */; };
		3FDE5E612546A1C800C05514 /* Terms.storyboard in Resources */ = {isa = PBXBuildFile; fileRef = 3FDE5E602546A1C800C05514 /* Terms.storyboard */; };
		3FDE5E682546E37A00C05514 /* NoticeListModel.swift in Sources */ = {isa = PBXBuildFile; fileRef = 3FDE5E672546E37A00C05514 /* NoticeListModel.swift */; };
		3FE2C29E2557E3A5002E6184 /* CouponForBasket.swift in Sources */ = {isa = PBXBuildFile; fileRef = 3FE2C29D2557E3A5002E6184 /* CouponForBasket.swift */; };
		3FE2C2A12557EFAA002E6184 /* CouponForBasketCell.swift in Sources */ = {isa = PBXBuildFile; fileRef = 3FE2C2A02557EFAA002E6184 /* CouponForBasketCell.swift */; };
		3FEAF06F254FFC1100A5ABC0 /* FavoriteDialog.swift in Sources */ = {isa = PBXBuildFile; fileRef = 3FEAF06E254FFC1100A5ABC0 /* FavoriteDialog.swift */; };
		3FECEDD6257658B400E0328F /* DialogForm.swift in Sources */ = {isa = PBXBuildFile; fileRef = 3FECEDD5257658B400E0328F /* DialogForm.swift */; };
		3FF086342571509F00D02360 /* RegisterCompletePage.swift in Sources */ = {isa = PBXBuildFile; fileRef = 3FF086332571509F00D02360 /* RegisterCompletePage.swift */; };
		3FF35097253E7E72007B7B29 /* LoginPageController.swift in Sources */ = {isa = PBXBuildFile; fileRef = 3FF35096253E7E72007B7B29 /* LoginPageController.swift */; };
		3FF3509A253E7F3B007B7B29 /* RegisterPageController.swift in Sources */ = {isa = PBXBuildFile; fileRef = 3FF35099253E7F3B007B7B29 /* RegisterPageController.swift */; };
		3FF8137A25590C8600036A91 /* FinalPaymentCheckDialog.swift in Sources */ = {isa = PBXBuildFile; fileRef = 3FF8137925590C8600036A91 /* FinalPaymentCheckDialog.swift */; };
		AA117C3D03D67B360DB8C173 /* Pods_BARO.framework in Frameworks */ = {isa = PBXBuildFile; fileRef = ED03160DBC46E11745206C30 /* Pods_BARO.framework */; };
		E3006A6725501D0900FFBAAB /* BasketEssentialCell.swift in Sources */ = {isa = PBXBuildFile; fileRef = E3006A6625501D0900FFBAAB /* BasketEssentialCell.swift */; };
		E3006A6A25501E3000FFBAAB /* BasketNonEssentialCell.swift in Sources */ = {isa = PBXBuildFile; fileRef = E3006A6925501E3000FFBAAB /* BasketNonEssentialCell.swift */; };
		E31D3FD22542ABEF00B63F77 /* StoreListPageController.swift in Sources */ = {isa = PBXBuildFile; fileRef = E31D3FD12542ABEF00B63F77 /* StoreListPageController.swift */; };
		E31D3FD52542AC3E00B63F77 /* StoreListModel.swift in Sources */ = {isa = PBXBuildFile; fileRef = E31D3FD42542AC3E00B63F77 /* StoreListModel.swift */; };
		E31D3FD82542ACAC00B63F77 /* StoreListCell.swift in Sources */ = {isa = PBXBuildFile; fileRef = E31D3FD72542ACAC00B63F77 /* StoreListCell.swift */; };
		E31D3FDB2542AD7300B63F77 /* StoreListPage.storyboard in Resources */ = {isa = PBXBuildFile; fileRef = E31D3FDA2542AD7300B63F77 /* StoreListPage.storyboard */; };
		E31D3FE22545DF7D00B63F77 /* OrderDetails.storyboard in Resources */ = {isa = PBXBuildFile; fileRef = E31D3FE12545DF7D00B63F77 /* OrderDetails.storyboard */; };
		E31D3FE62545DFA000B63F77 /* OrderDetailsController.swift in Sources */ = {isa = PBXBuildFile; fileRef = E31D3FE52545DFA000B63F77 /* OrderDetailsController.swift */; };
		E31D3FE9254653C700B63F77 /* ExtraModel.swift in Sources */ = {isa = PBXBuildFile; fileRef = E31D3FE8254653C700B63F77 /* ExtraModel.swift */; };
		E31D3FEC25465F0200B63F77 /* EssentialCell.swift in Sources */ = {isa = PBXBuildFile; fileRef = E31D3FEB25465F0200B63F77 /* EssentialCell.swift */; };
		E31D3FEF25465F6000B63F77 /* NonEssentialCell.swift in Sources */ = {isa = PBXBuildFile; fileRef = E31D3FEE25465F6000B63F77 /* NonEssentialCell.swift */; };
		E31D3FF32546887F00B63F77 /* OptionsHeader.swift in Sources */ = {isa = PBXBuildFile; fileRef = E31D3FF22546887F00B63F77 /* OptionsHeader.swift */; };
		E31D3FF6254692A200B63F77 /* OptionCategoryHeader.swift in Sources */ = {isa = PBXBuildFile; fileRef = E31D3FF5254692A200B63F77 /* OptionCategoryHeader.swift */; };
		E31D3FF925469DCE00B63F77 /* EssentialButton.swift in Sources */ = {isa = PBXBuildFile; fileRef = E31D3FF825469DCE00B63F77 /* EssentialButton.swift */; };
		E31D400C254AC7DE00B63F77 /* EssentialRadio.swift in Sources */ = {isa = PBXBuildFile; fileRef = E31D400B254AC7DD00B63F77 /* EssentialRadio.swift */; };
		E31D400F254AE4B500B63F77 /* NonEssentialRow.swift in Sources */ = {isa = PBXBuildFile; fileRef = E31D400E254AE4B500B63F77 /* NonEssentialRow.swift */; };
		E31D4015254FC64300B63F77 /* BasketController.swift in Sources */ = {isa = PBXBuildFile; fileRef = E31D4014254FC64200B63F77 /* BasketController.swift */; };
		E31D4018254FC6E800B63F77 /* Basket.storyboard in Resources */ = {isa = PBXBuildFile; fileRef = E31D4017254FC6E800B63F77 /* Basket.storyboard */; };
		E31D401B2550001000B63F77 /* BasketHeader.swift in Sources */ = {isa = PBXBuildFile; fileRef = E31D401A2550001000B63F77 /* BasketHeader.swift */; };
		E31D401E255000FD00B63F77 /* BasketMenuCell.swift in Sources */ = {isa = PBXBuildFile; fileRef = E31D401D255000FD00B63F77 /* BasketMenuCell.swift */; };
		E33D8537253DC63600E50BAC /* AboutStore.swift in Sources */ = {isa = PBXBuildFile; fileRef = E33D8536253DC63600E50BAC /* AboutStore.swift */; };
		E33D853B253DC69700E50BAC /* StoreInfoController.swift in Sources */ = {isa = PBXBuildFile; fileRef = E33D853A253DC69700E50BAC /* StoreInfoController.swift */; };
		E33D853E253DC86A00E50BAC /* StoreMenuController.swift in Sources */ = {isa = PBXBuildFile; fileRef = E33D853D253DC86A00E50BAC /* StoreMenuController.swift */; };
		E33D8542253DC89400E50BAC /* StoreMenuModel.swift in Sources */ = {isa = PBXBuildFile; fileRef = E33D8541253DC89400E50BAC /* StoreMenuModel.swift */; };
		E33D8546253DC8C800E50BAC /* ASFirstStoreCell.swift in Sources */ = {isa = PBXBuildFile; fileRef = E33D8545253DC8C800E50BAC /* ASFirstStoreCell.swift */; };
		E33D855B253ECB5000E50BAC /* AboutStore.storyboard in Resources */ = {isa = PBXBuildFile; fileRef = E33D855A253ECB5000E50BAC /* AboutStore.storyboard */; };
		E33D8560253EF24A00E50BAC /* ASCategoryCell.swift in Sources */ = {isa = PBXBuildFile; fileRef = E33D855F253EF24900E50BAC /* ASCategoryCell.swift */; };
		E33D8563253F163000E50BAC /* StoreMenu2Controller.swift in Sources */ = {isa = PBXBuildFile; fileRef = E33D8562253F163000E50BAC /* StoreMenu2Controller.swift */; };
		E33D8566253F20E200E50BAC /* ASMenuCell.swift in Sources */ = {isa = PBXBuildFile; fileRef = E33D8565253F20E200E50BAC /* ASMenuCell.swift */; };
		E34CAF3C255280A200BE3F53 /* Map.storyboard in Resources */ = {isa = PBXBuildFile; fileRef = E34CAF3B255280A200BE3F53 /* Map.storyboard */; };
		E34CAF3F255280B200BE3F53 /* MapController.swift in Sources */ = {isa = PBXBuildFile; fileRef = E34CAF3E255280B200BE3F53 /* MapController.swift */; };
		E34CAF422552A36F00BE3F53 /* LocationModel.swift in Sources */ = {isa = PBXBuildFile; fileRef = E34CAF412552A36F00BE3F53 /* LocationModel.swift */; };
		E34CAF45255523A600BE3F53 /* SeparateWindowController.swift in Sources */ = {isa = PBXBuildFile; fileRef = E34CAF44255523A500BE3F53 /* SeparateWindowController.swift */; };
		E34CAF6625555B6600BE3F53 /* AlertController.swift in Sources */ = {isa = PBXBuildFile; fileRef = E34CAF6525555B6600BE3F53 /* AlertController.swift */; };
		E34CAF6925555B7000BE3F53 /* Alert.storyboard in Resources */ = {isa = PBXBuildFile; fileRef = E34CAF6825555B7000BE3F53 /* Alert.storyboard */; };
		E34CAF6C255567D400BE3F53 /* AlertCell.swift in Sources */ = {isa = PBXBuildFile; fileRef = E34CAF6B255567D300BE3F53 /* AlertCell.swift */; };
		E34CAF6F25556A1D00BE3F53 /* AlertModel.swift in Sources */ = {isa = PBXBuildFile; fileRef = E34CAF6E25556A1D00BE3F53 /* AlertModel.swift */; };
		E34CAF732558179600BE3F53 /* LoadingCellCollectionViewCell.swift in Sources */ = {isa = PBXBuildFile; fileRef = E34CAF712558179600BE3F53 /* LoadingCellCollectionViewCell.swift */; };
		E34CAF872559427100BE3F53 /* ListStoreLoadingCell.swift in Sources */ = {isa = PBXBuildFile; fileRef = E34CAF862559427100BE3F53 /* ListStoreLoadingCell.swift */; };
		E34CAF8B255959C800BE3F53 /* CouponPageController.swift in Sources */ = {isa = PBXBuildFile; fileRef = E34CAF8A255959C800BE3F53 /* CouponPageController.swift */; };
		E34CAF8E255959DA00BE3F53 /* Coupon.storyboard in Resources */ = {isa = PBXBuildFile; fileRef = E34CAF8D255959DA00BE3F53 /* Coupon.storyboard */; };
		E34CAF952559814300BE3F53 /* CouponModel.swift in Sources */ = {isa = PBXBuildFile; fileRef = E34CAF942559814300BE3F53 /* CouponModel.swift */; };
		E34CAF99255A708700BE3F53 /* CouponCell.swift in Sources */ = {isa = PBXBuildFile; fileRef = E34CAF98255A708700BE3F53 /* CouponCell.swift */; };
		E34CAF9C255A89C300BE3F53 /* EventPageController.swift in Sources */ = {isa = PBXBuildFile; fileRef = E34CAF9B255A89C200BE3F53 /* EventPageController.swift */; };
		E34CAFA0255A89F300BE3F53 /* Event.storyboard in Resources */ = {isa = PBXBuildFile; fileRef = E34CAF9F255A89F300BE3F53 /* Event.storyboard */; };
		E352523A260B39E300825813 /* StoreListBigCell.swift in Sources */ = {isa = PBXBuildFile; fileRef = E3525239260B39E300825813 /* StoreListBigCell.swift */; };
		E356D646256FB20300F39463 /* CustomLabel.swift in Sources */ = {isa = PBXBuildFile; fileRef = E356D645256FB20300F39463 /* CustomLabel.swift */; };
		E356D66B257A5EAA00F39463 /* Extensions.swift in Sources */ = {isa = PBXBuildFile; fileRef = E356D66A257A5EA900F39463 /* Extensions.swift */; };
		E356D66F257DD8B400F39463 /* CouponRegisterController.swift in Sources */ = {isa = PBXBuildFile; fileRef = E356D66E257DD8B300F39463 /* CouponRegisterController.swift */; };
		E39C1581256952A000520033 /* MenuOrBasket.swift in Sources */ = {isa = PBXBuildFile; fileRef = E39C15802569529F00520033 /* MenuOrBasket.swift */; };
		E39C15842569E70B00520033 /* EmptyBasket.swift in Sources */ = {isa = PBXBuildFile; fileRef = E39C15832569E70B00520033 /* EmptyBasket.swift */; };
		E3AA04C12583E9D80055454A /* VerticalProgressbar.swift in Sources */ = {isa = PBXBuildFile; fileRef = E3AA04C02583E9D80055454A /* VerticalProgressbar.swift */; };
		E3AA04C825873F730055454A /* NothingExist.swift in Sources */ = {isa = PBXBuildFile; fileRef = E3AA04C725873F730055454A /* NothingExist.swift */; };
		E3AA04CC258A11580055454A /* FindPassWord.swift in Sources */ = {isa = PBXBuildFile; fileRef = E3AA04CB258A11570055454A /* FindPassWord.swift */; };
		E3AA04CF258A19A20055454A /* PhoneCheckForChangePW.swift in Sources */ = {isa = PBXBuildFile; fileRef = E3AA04CE258A19A20055454A /* PhoneCheckForChangePW.swift */; };
		E3AA04D2258A22400055454A /* SetNewPW.swift in Sources */ = {isa = PBXBuildFile; fileRef = E3AA04D1258A22400055454A /* SetNewPW.swift */; };
		E3AA04D7258A35DC0055454A /* FindPWComplete.swift in Sources */ = {isa = PBXBuildFile; fileRef = E3AA04D6258A35DB0055454A /* FindPWComplete.swift */; };
		E3CEDAFC25A3426900EDE823 /* GoLoginController.swift in Sources */ = {isa = PBXBuildFile; fileRef = E3CEDAFB25A3426900EDE823 /* GoLoginController.swift */; };
		E3CEDAFF25A41B7100EDE823 /* BeforeRegister.swift in Sources */ = {isa = PBXBuildFile; fileRef = E3CEDAFE25A41B7100EDE823 /* BeforeRegister.swift */; };
		E3CEDB0325A83E1400EDE823 /* StoreNotOpen.swift in Sources */ = {isa = PBXBuildFile; fileRef = E3CEDB0225A83E1400EDE823 /* StoreNotOpen.swift */; };
		E3CEDB0A25B0047300EDE823 /* ChangeEmailComplete.swift in Sources */ = {isa = PBXBuildFile; fileRef = E3CEDB0925B0047200EDE823 /* ChangeEmailComplete.swift */; };
		E3CEDB0D25B00AF600EDE823 /* ChangePassComplete.swift in Sources */ = {isa = PBXBuildFile; fileRef = E3CEDB0C25B00AF600EDE823 /* ChangePassComplete.swift */; };
		E3F9716025B2CBA4008CF3D0 /* DuplicateNumber.swift in Sources */ = {isa = PBXBuildFile; fileRef = E3F9715F25B2CBA4008CF3D0 /* DuplicateNumber.swift */; };
		E3F971A625C7FE0A008CF3D0 /* NewMainPage.storyboard in Resources */ = {isa = PBXBuildFile; fileRef = E3F971A525C7FE0A008CF3D0 /* NewMainPage.storyboard */; };
		E3F971A925C7FECB008CF3D0 /* NewMainPageController.swift in Sources */ = {isa = PBXBuildFile; fileRef = E3F971A825C7FECB008CF3D0 /* NewMainPageController.swift */; };
		E3F971AC25C95C45008CF3D0 /* AppStartDialog.swift in Sources */ = {isa = PBXBuildFile; fileRef = E3F971AB25C95C45008CF3D0 /* AppStartDialog.swift */; };
		E3F971AF25C989AD008CF3D0 /* AdvertiseModel.swift in Sources */ = {isa = PBXBuildFile; fileRef = E3F971AE25C989AD008CF3D0 /* AdvertiseModel.swift */; };
		E3F971B625D2BAC1008CF3D0 /* CustomTimer.swift in Sources */ = {isa = PBXBuildFile; fileRef = E3F971B525D2BAC1008CF3D0 /* CustomTimer.swift */; };
		E3F971F725DD5521008CF3D0 /* PayTimeOverDialog.swift in Sources */ = {isa = PBXBuildFile; fileRef = E3F971F625DD5520008CF3D0 /* PayTimeOverDialog.swift */; };
/* End PBXBuildFile section */

/* Begin PBXFileReference section */
		04235C732549386100BA2BB1 /* OrderStatus.storyboard */ = {isa = PBXFileReference; lastKnownFileType = file.storyboard; path = OrderStatus.storyboard; sourceTree = "<group>"; };
		04235C7625493A7100BA2BB1 /* OrderStatusController.swift */ = {isa = PBXFileReference; lastKnownFileType = sourcecode.swift; path = OrderStatusController.swift; sourceTree = "<group>"; };
		04235C7925493CB200BA2BB1 /* OrderStatusModel.swift */ = {isa = PBXFileReference; lastKnownFileType = sourcecode.swift; path = OrderStatusModel.swift; sourceTree = "<group>"; };
		04235C7C254949D300BA2BB1 /* OrderStatusCell.swift */ = {isa = PBXFileReference; lastKnownFileType = sourcecode.swift; path = OrderStatusCell.swift; sourceTree = "<group>"; };
		04235C80254AA2F500BA2BB1 /* OrderStatusDetailController.swift */ = {isa = PBXFileReference; lastKnownFileType = sourcecode.swift; path = OrderStatusDetailController.swift; sourceTree = "<group>"; };
		04235C83254AA94E00BA2BB1 /* OrderStatusDetail.swift */ = {isa = PBXFileReference; lastKnownFileType = sourcecode.swift; path = OrderStatusDetail.swift; sourceTree = "<group>"; };
		04235C86254AB05B00BA2BB1 /* OrderStatusDetailCell.swift */ = {isa = PBXFileReference; lastKnownFileType = sourcecode.swift; path = OrderStatusDetailCell.swift; sourceTree = "<group>"; };
		04235C89254AB35D00BA2BB1 /* OrderStatusDetailModel.swift */ = {isa = PBXFileReference; lastKnownFileType = sourcecode.swift; path = OrderStatusDetailModel.swift; sourceTree = "<group>"; };
		04235C8C254AB36B00BA2BB1 /* OrderStatusDetailExtraModel.swift */ = {isa = PBXFileReference; lastKnownFileType = sourcecode.swift; path = OrderStatusDetailExtraModel.swift; sourceTree = "<group>"; };
		043DACAB253DA51500C70102 /* MainPageUltraStore.swift */ = {isa = PBXFileReference; lastKnownFileType = sourcecode.swift; path = MainPageUltraStore.swift; sourceTree = "<group>"; };
		043DACAE253DA54600C70102 /* UltraStoreListModel.swift */ = {isa = PBXFileReference; lastKnownFileType = sourcecode.swift; path = UltraStoreListModel.swift; sourceTree = "<group>"; };
		043DACB2253DA69200C70102 /* MainPageUltraStoreCell.swift */ = {isa = PBXFileReference; lastKnownFileType = sourcecode.swift; path = MainPageUltraStoreCell.swift; sourceTree = "<group>"; };
		043DACB6253DABFB00C70102 /* EventListModel.swift */ = {isa = PBXFileReference; lastKnownFileType = sourcecode.swift; path = EventListModel.swift; sourceTree = "<group>"; };
		043DACBA253DAC5600C70102 /* UrlMaker.swift */ = {isa = PBXFileReference; lastKnownFileType = sourcecode.swift; path = UrlMaker.swift; sourceTree = "<group>"; };
		04583810264E5F92001EE85E /* AppTrackingTransparency.framework */ = {isa = PBXFileReference; lastKnownFileType = wrapper.framework; name = AppTrackingTransparency.framework; path = System/Library/Frameworks/AppTrackingTransparency.framework; sourceTree = SDKROOT; };
		046B7A3325B1A416001B8751 /* GoogleService-Info.plist */ = {isa = PBXFileReference; fileEncoding = 4; lastKnownFileType = text.plist.xml; path = "GoogleService-Info.plist"; sourceTree = "<group>"; };
		048A0BD72540117B007D4FD3 /* MainPageNewStore.swift */ = {isa = PBXFileReference; lastKnownFileType = sourcecode.swift; path = MainPageNewStore.swift; sourceTree = "<group>"; };
		048A0BDA25401194007D4FD3 /* MainPageNewStoreCell.swift */ = {isa = PBXFileReference; lastKnownFileType = sourcecode.swift; path = MainPageNewStoreCell.swift; sourceTree = "<group>"; };
		048A0BDD2540120A007D4FD3 /* NewStoreListModel.swift */ = {isa = PBXFileReference; lastKnownFileType = sourcecode.swift; path = NewStoreListModel.swift; sourceTree = "<group>"; };
		048A0BE12541ACBE007D4FD3 /* testController.storyboard */ = {isa = PBXFileReference; lastKnownFileType = file.storyboard; path = testController.storyboard; sourceTree = "<group>"; };
		048A0BE42541AD71007D4FD3 /* testController.swift */ = {isa = PBXFileReference; lastKnownFileType = sourcecode.swift; path = testController.swift; sourceTree = "<group>"; };
		048D55A2253C67B8009E9CE4 /* MainPage.storyboard */ = {isa = PBXFileReference; lastKnownFileType = file.storyboard; path = MainPage.storyboard; sourceTree = "<group>"; };
		048D55A5253C67EC009E9CE4 /* MainPageController.swift */ = {isa = PBXFileReference; lastKnownFileType = sourcecode.swift; path = MainPageController.swift; sourceTree = "<group>"; };
		048D55B5253D2E0F009E9CE4 /* MainPageEvent.swift */ = {isa = PBXFileReference; lastKnownFileType = sourcecode.swift; path = MainPageEvent.swift; sourceTree = "<group>"; };
		048D55B9253D575A009E9CE4 /* TypeListModel.swift */ = {isa = PBXFileReference; lastKnownFileType = sourcecode.swift; path = TypeListModel.swift; sourceTree = "<group>"; };
		048D55DF253D838E009E9CE4 /* MainPageType.swift */ = {isa = PBXFileReference; lastKnownFileType = sourcecode.swift; path = MainPageType.swift; sourceTree = "<group>"; };
		048D55E2253D83AD009E9CE4 /* MainPageTypeCell.swift */ = {isa = PBXFileReference; lastKnownFileType = sourcecode.swift; path = MainPageTypeCell.swift; sourceTree = "<group>"; };
		048D55E6253D91C6009E9CE4 /* MainPageEventCell.swift */ = {isa = PBXFileReference; lastKnownFileType = sourcecode.swift; path = MainPageEventCell.swift; sourceTree = "<group>"; };
		04B28D4C255245B5007D1ED6 /* FIrebaseTest.swift */ = {isa = PBXFileReference; lastKnownFileType = sourcecode.swift; path = FIrebaseTest.swift; sourceTree = "<group>"; };
		04B28D4F255247DE007D1ED6 /* Baro_user_ios.entitlements */ = {isa = PBXFileReference; lastKnownFileType = text.plist.entitlements; path = Baro_user_ios.entitlements; sourceTree = "<group>"; };
		04B86796253B0ECD00336175 /* BARO.app */ = {isa = PBXFileReference; explicitFileType = wrapper.application; includeInIndex = 0; path = BARO.app; sourceTree = BUILT_PRODUCTS_DIR; };
		04B86799253B0ECD00336175 /* AppDelegate.swift */ = {isa = PBXFileReference; lastKnownFileType = sourcecode.swift; path = AppDelegate.swift; sourceTree = "<group>"; };
		04B8679B253B0ECD00336175 /* SceneDelegate.swift */ = {isa = PBXFileReference; lastKnownFileType = sourcecode.swift; path = SceneDelegate.swift; sourceTree = "<group>"; };
		04B8679D253B0ECD00336175 /* ViewController.swift */ = {isa = PBXFileReference; lastKnownFileType = sourcecode.swift; path = ViewController.swift; sourceTree = "<group>"; };
		04B867A2253B0ECF00336175 /* Assets.xcassets */ = {isa = PBXFileReference; lastKnownFileType = folder.assetcatalog; path = Assets.xcassets; sourceTree = "<group>"; };
		04B867A5253B0ECF00336175 /* Base */ = {isa = PBXFileReference; lastKnownFileType = file.storyboard; name = Base; path = Base.lproj/LaunchScreen.storyboard; sourceTree = "<group>"; };
		04B867A7253B0ECF00336175 /* Info.plist */ = {isa = PBXFileReference; lastKnownFileType = text.plist.xml; path = Info.plist; sourceTree = "<group>"; };
		04D11F3A2543D2F100ADB210 /* OrderHistoryController.swift */ = {isa = PBXFileReference; lastKnownFileType = sourcecode.swift; path = OrderHistoryController.swift; sourceTree = "<group>"; };
		04D11F412543D31900ADB210 /* OrderHistory.storyboard */ = {isa = PBXFileReference; lastKnownFileType = file.storyboard; path = OrderHistory.storyboard; sourceTree = "<group>"; };
		04D11F442543D41D00ADB210 /* OrderHistoryModel.swift */ = {isa = PBXFileReference; lastKnownFileType = sourcecode.swift; path = OrderHistoryModel.swift; sourceTree = "<group>"; };
		04D11F472543ECB800ADB210 /* OrderHistoryCell.swift */ = {isa = PBXFileReference; lastKnownFileType = sourcecode.swift; path = OrderHistoryCell.swift; sourceTree = "<group>"; };
		04D11F4A2544010800ADB210 /* MainPageSearchController.swift */ = {isa = PBXFileReference; lastKnownFileType = sourcecode.swift; path = MainPageSearchController.swift; sourceTree = "<group>"; };
		04D11F4E25441CC000ADB210 /* OrderHistoryDetailController.swift */ = {isa = PBXFileReference; lastKnownFileType = sourcecode.swift; path = OrderHistoryDetailController.swift; sourceTree = "<group>"; };
		04D11F5125443F1100ADB210 /* OrderHistoryDetailModel.swift */ = {isa = PBXFileReference; lastKnownFileType = sourcecode.swift; path = OrderHistoryDetailModel.swift; sourceTree = "<group>"; };
		04D11F542544406900ADB210 /* OrderHistoryDetailExtraModel.swift */ = {isa = PBXFileReference; lastKnownFileType = sourcecode.swift; path = OrderHistoryDetailExtraModel.swift; sourceTree = "<group>"; };
		04D11F58254676AE00ADB210 /* OrderHistoryDetail.swift */ = {isa = PBXFileReference; lastKnownFileType = sourcecode.swift; path = OrderHistoryDetail.swift; sourceTree = "<group>"; };
		04D11F5C2546781A00ADB210 /* OrderHistoryDetailCell.swift */ = {isa = PBXFileReference; lastKnownFileType = sourcecode.swift; path = OrderHistoryDetailCell.swift; sourceTree = "<group>"; };
		04DDBA2225A83DAC00C65AFC /* location_information.html */ = {isa = PBXFileReference; fileEncoding = 4; lastKnownFileType = text.html; path = location_information.html; sourceTree = "<group>"; };
		04DDBA2325A83DAC00C65AFC /* terms_of_service.html */ = {isa = PBXFileReference; fileEncoding = 4; lastKnownFileType = text.html; path = terms_of_service.html; sourceTree = "<group>"; };
		04DDBA2425A83DAC00C65AFC /* privacy_statement.html */ = {isa = PBXFileReference; fileEncoding = 4; lastKnownFileType = text.html; path = privacy_statement.html; sourceTree = "<group>"; };
		14573B5E084CAEEB4648A4E4 /* Pods-Baro_user_ios.release.xcconfig */ = {isa = PBXFileReference; includeInIndex = 1; lastKnownFileType = text.xcconfig; name = "Pods-Baro_user_ios.release.xcconfig"; path = "Target Support Files/Pods-Baro_user_ios/Pods-Baro_user_ios.release.xcconfig"; sourceTree = "<group>"; };
		2BC122C8271111DCA4009698 /* Pods-BARO.debug.xcconfig */ = {isa = PBXFileReference; includeInIndex = 1; lastKnownFileType = text.xcconfig; name = "Pods-BARO.debug.xcconfig"; path = "Target Support Files/Pods-BARO/Pods-BARO.debug.xcconfig"; sourceTree = "<group>"; };
		3F041C65256FB689006A2B3B /* PhoneSendForRegister.swift */ = {isa = PBXFileReference; lastKnownFileType = sourcecode.swift; path = PhoneSendForRegister.swift; sourceTree = "<group>"; };
		3F05C563254116AC0066DAAD /* MyPageController.swift */ = {isa = PBXFileReference; lastKnownFileType = sourcecode.swift; path = MyPageController.swift; sourceTree = "<group>"; };
		3F05C566254116C70066DAAD /* MyPage.storyboard */ = {isa = PBXFileReference; lastKnownFileType = file.storyboard; path = MyPage.storyboard; sourceTree = "<group>"; };
		3F0EB737255A70C400F72604 /* SendServerOrders.swift */ = {isa = PBXFileReference; lastKnownFileType = sourcecode.swift; path = SendServerOrders.swift; sourceTree = "<group>"; };
		3F0F6EAA25514F0B00099ACC /* MyBootPayController.swift */ = {isa = PBXFileReference; lastKnownFileType = sourcecode.swift; path = MyBootPayController.swift; sourceTree = "<group>"; };
		3F0F6EAE25514F1B00099ACC /* BootPay.storyboard */ = {isa = PBXFileReference; lastKnownFileType = file.storyboard; path = BootPay.storyboard; sourceTree = "<group>"; };
		3F1C4A54259C21E3002C5B5D /* LoginDialog.swift */ = {isa = PBXFileReference; lastKnownFileType = sourcecode.swift; path = LoginDialog.swift; sourceTree = "<group>"; };
		3F1C4A60259C4E8A002C5B5D /* SendMessage.swift */ = {isa = PBXFileReference; lastKnownFileType = sourcecode.swift; path = SendMessage.swift; sourceTree = "<group>"; };
		3F1C4A8525A47AB2002C5B5D /* FirstPageController.swift */ = {isa = PBXFileReference; lastKnownFileType = sourcecode.swift; path = FirstPageController.swift; sourceTree = "<group>"; };
		3F1C4A8825A47AE8002C5B5D /* FirstPage.storyboard */ = {isa = PBXFileReference; lastKnownFileType = file.storyboard; path = FirstPage.storyboard; sourceTree = "<group>"; };
		3F418FCE254808E100D89665 /* BottomTabBar.storyboard */ = {isa = PBXFileReference; lastKnownFileType = file.storyboard; path = BottomTabBar.storyboard; sourceTree = "<group>"; };
		3F49907F253EB18B00372F83 /* LoginPage.storyboard */ = {isa = PBXFileReference; lastKnownFileType = file.storyboard; path = LoginPage.storyboard; sourceTree = "<group>"; };
		3F4C5A9A253ECAD700C0E7B6 /* NotoSansKR-Black.otf */ = {isa = PBXFileReference; lastKnownFileType = file; path = "NotoSansKR-Black.otf"; sourceTree = "<group>"; };
		3F4C5A9B253ECAD700C0E7B6 /* NotoSansKR-Regular.otf */ = {isa = PBXFileReference; lastKnownFileType = file; path = "NotoSansKR-Regular.otf"; sourceTree = "<group>"; };
		3F4C5A9C253ECAD700C0E7B6 /* NotoSansKR-Bold.otf */ = {isa = PBXFileReference; lastKnownFileType = file; path = "NotoSansKR-Bold.otf"; sourceTree = "<group>"; };
		3F4C5A9D253ECAD700C0E7B6 /* NotoSansKR-Thin.otf */ = {isa = PBXFileReference; lastKnownFileType = file; path = "NotoSansKR-Thin.otf"; sourceTree = "<group>"; };
		3F4C5A9E253ECAD700C0E7B6 /* NotoSansKR-Light.otf */ = {isa = PBXFileReference; lastKnownFileType = file; path = "NotoSansKR-Light.otf"; sourceTree = "<group>"; };
		3F4C5AB6253ED5D000C0E7B6 /* uiViewSettingAttribute.swift */ = {isa = PBXFileReference; lastKnownFileType = sourcecode.swift; path = uiViewSettingAttribute.swift; sourceTree = "<group>"; };
		3F65DCF7254854B40029D36E /* uiLabelAnimation.swift */ = {isa = PBXFileReference; lastKnownFileType = sourcecode.swift; path = uiLabelAnimation.swift; sourceTree = "<group>"; };
		3F6D861A25653BAA00D65CAC /* ToastMessage.swift */ = {isa = PBXFileReference; lastKnownFileType = sourcecode.swift; path = ToastMessage.swift; sourceTree = "<group>"; };
		3F90855E257525B100D13759 /* LogoutDialog.swift */ = {isa = PBXFileReference; lastKnownFileType = sourcecode.swift; path = LogoutDialog.swift; sourceTree = "<group>"; };
		3F9B48EC254946720012D89F /* ChangePass2.swift */ = {isa = PBXFileReference; lastKnownFileType = sourcecode.swift; path = ChangePass2.swift; sourceTree = "<group>"; };
		3FA0D066256B4CBC004E4D83 /* PhoneCheckForRegister.swift */ = {isa = PBXFileReference; lastKnownFileType = sourcecode.swift; path = PhoneCheckForRegister.swift; sourceTree = "<group>"; };
		3FA196F42547E34E007CD182 /* BottomTabBarController.swift */ = {isa = PBXFileReference; lastKnownFileType = sourcecode.swift; path = BottomTabBarController.swift; sourceTree = "<group>"; };
		3FA3CEBF256ABB78006F857C /* BasketDialog.swift */ = {isa = PBXFileReference; lastKnownFileType = sourcecode.swift; path = BasketDialog.swift; sourceTree = "<group>"; };
		3FA4FC822542898E00EF2894 /* MyPageButtons.swift */ = {isa = PBXFileReference; lastKnownFileType = sourcecode.swift; path = MyPageButtons.swift; sourceTree = "<group>"; };
		3FAD95A225527EC600091E3D /* Order.swift */ = {isa = PBXFileReference; lastKnownFileType = sourcecode.swift; path = Order.swift; sourceTree = "<group>"; };
		3FC20E592546E62400EEE783 /* NoticeCell.swift */ = {isa = PBXFileReference; lastKnownFileType = sourcecode.swift; path = NoticeCell.swift; sourceTree = "<group>"; };
		3FC20E5C2546EEE600EEE783 /* ChangePass.swift */ = {isa = PBXFileReference; lastKnownFileType = sourcecode.swift; path = ChangePass.swift; sourceTree = "<group>"; };
		3FC20E5F2546EF0500EEE783 /* ChangePass.storyboard */ = {isa = PBXFileReference; lastKnownFileType = file.storyboard; path = ChangePass.storyboard; sourceTree = "<group>"; };
		3FC20E622546EFD400EEE783 /* ChangeEmail.swift */ = {isa = PBXFileReference; lastKnownFileType = sourcecode.swift; path = ChangeEmail.swift; sourceTree = "<group>"; };
		3FC20E652546EFF700EEE783 /* ChangeEmail.storyboard */ = {isa = PBXFileReference; lastKnownFileType = file.storyboard; path = ChangeEmail.storyboard; sourceTree = "<group>"; };
		3FCC4813257A649B00BAD807 /* AlertContentController.swift */ = {isa = PBXFileReference; lastKnownFileType = sourcecode.swift; path = AlertContentController.swift; sourceTree = "<group>"; };
		3FDE5E5D2546A16C00C05514 /* Terms.swift */ = {isa = PBXFileReference; lastKnownFileType = sourcecode.swift; path = Terms.swift; sourceTree = "<group>"; };
		3FDE5E602546A1C800C05514 /* Terms.storyboard */ = {isa = PBXFileReference; lastKnownFileType = file.storyboard; path = Terms.storyboard; sourceTree = "<group>"; };
		3FDE5E672546E37A00C05514 /* NoticeListModel.swift */ = {isa = PBXFileReference; lastKnownFileType = sourcecode.swift; path = NoticeListModel.swift; sourceTree = "<group>"; };
		3FE2C29D2557E3A5002E6184 /* CouponForBasket.swift */ = {isa = PBXFileReference; lastKnownFileType = sourcecode.swift; path = CouponForBasket.swift; sourceTree = "<group>"; };
		3FE2C2A02557EFAA002E6184 /* CouponForBasketCell.swift */ = {isa = PBXFileReference; lastKnownFileType = sourcecode.swift; path = CouponForBasketCell.swift; sourceTree = "<group>"; };
		3FEAF06E254FFC1100A5ABC0 /* FavoriteDialog.swift */ = {isa = PBXFileReference; lastKnownFileType = sourcecode.swift; path = FavoriteDialog.swift; sourceTree = "<group>"; };
		3FECEDD5257658B400E0328F /* DialogForm.swift */ = {isa = PBXFileReference; lastKnownFileType = sourcecode.swift; path = DialogForm.swift; sourceTree = "<group>"; };
		3FF086332571509F00D02360 /* RegisterCompletePage.swift */ = {isa = PBXFileReference; lastKnownFileType = sourcecode.swift; path = RegisterCompletePage.swift; sourceTree = "<group>"; };
		3FF35096253E7E72007B7B29 /* LoginPageController.swift */ = {isa = PBXFileReference; lastKnownFileType = sourcecode.swift; path = LoginPageController.swift; sourceTree = "<group>"; };
		3FF35099253E7F3B007B7B29 /* RegisterPageController.swift */ = {isa = PBXFileReference; lastKnownFileType = sourcecode.swift; path = RegisterPageController.swift; sourceTree = "<group>"; };
		3FF8137925590C8600036A91 /* FinalPaymentCheckDialog.swift */ = {isa = PBXFileReference; lastKnownFileType = sourcecode.swift; path = FinalPaymentCheckDialog.swift; sourceTree = "<group>"; };
		64AA300156CA01226B973F3F /* Pods-BARO.release.xcconfig */ = {isa = PBXFileReference; includeInIndex = 1; lastKnownFileType = text.xcconfig; name = "Pods-BARO.release.xcconfig"; path = "Target Support Files/Pods-BARO/Pods-BARO.release.xcconfig"; sourceTree = "<group>"; };
		6FE1B18B198B2DAE07AD0D8A /* Pods-Baro_user_ios.debug.xcconfig */ = {isa = PBXFileReference; includeInIndex = 1; lastKnownFileType = text.xcconfig; name = "Pods-Baro_user_ios.debug.xcconfig"; path = "Target Support Files/Pods-Baro_user_ios/Pods-Baro_user_ios.debug.xcconfig"; sourceTree = "<group>"; };
		E3006A6625501D0900FFBAAB /* BasketEssentialCell.swift */ = {isa = PBXFileReference; lastKnownFileType = sourcecode.swift; path = BasketEssentialCell.swift; sourceTree = "<group>"; };
		E3006A6925501E3000FFBAAB /* BasketNonEssentialCell.swift */ = {isa = PBXFileReference; lastKnownFileType = sourcecode.swift; path = BasketNonEssentialCell.swift; sourceTree = "<group>"; };
		E31D3FD12542ABEF00B63F77 /* StoreListPageController.swift */ = {isa = PBXFileReference; lastKnownFileType = sourcecode.swift; path = StoreListPageController.swift; sourceTree = "<group>"; };
		E31D3FD42542AC3E00B63F77 /* StoreListModel.swift */ = {isa = PBXFileReference; lastKnownFileType = sourcecode.swift; path = StoreListModel.swift; sourceTree = "<group>"; };
		E31D3FD72542ACAC00B63F77 /* StoreListCell.swift */ = {isa = PBXFileReference; lastKnownFileType = sourcecode.swift; path = StoreListCell.swift; sourceTree = "<group>"; };
		E31D3FDA2542AD7300B63F77 /* StoreListPage.storyboard */ = {isa = PBXFileReference; lastKnownFileType = file.storyboard; path = StoreListPage.storyboard; sourceTree = "<group>"; };
		E31D3FE12545DF7D00B63F77 /* OrderDetails.storyboard */ = {isa = PBXFileReference; lastKnownFileType = file.storyboard; path = OrderDetails.storyboard; sourceTree = "<group>"; };
		E31D3FE52545DFA000B63F77 /* OrderDetailsController.swift */ = {isa = PBXFileReference; lastKnownFileType = sourcecode.swift; path = OrderDetailsController.swift; sourceTree = "<group>"; };
		E31D3FE8254653C700B63F77 /* ExtraModel.swift */ = {isa = PBXFileReference; lastKnownFileType = sourcecode.swift; path = ExtraModel.swift; sourceTree = "<group>"; };
		E31D3FEB25465F0200B63F77 /* EssentialCell.swift */ = {isa = PBXFileReference; lastKnownFileType = sourcecode.swift; path = EssentialCell.swift; sourceTree = "<group>"; };
		E31D3FEE25465F6000B63F77 /* NonEssentialCell.swift */ = {isa = PBXFileReference; lastKnownFileType = sourcecode.swift; path = NonEssentialCell.swift; sourceTree = "<group>"; };
		E31D3FF22546887F00B63F77 /* OptionsHeader.swift */ = {isa = PBXFileReference; lastKnownFileType = sourcecode.swift; path = OptionsHeader.swift; sourceTree = "<group>"; };
		E31D3FF5254692A200B63F77 /* OptionCategoryHeader.swift */ = {isa = PBXFileReference; lastKnownFileType = sourcecode.swift; path = OptionCategoryHeader.swift; sourceTree = "<group>"; };
		E31D3FF825469DCE00B63F77 /* EssentialButton.swift */ = {isa = PBXFileReference; lastKnownFileType = sourcecode.swift; path = EssentialButton.swift; sourceTree = "<group>"; };
		E31D400B254AC7DD00B63F77 /* EssentialRadio.swift */ = {isa = PBXFileReference; lastKnownFileType = sourcecode.swift; path = EssentialRadio.swift; sourceTree = "<group>"; };
		E31D400E254AE4B500B63F77 /* NonEssentialRow.swift */ = {isa = PBXFileReference; lastKnownFileType = sourcecode.swift; path = NonEssentialRow.swift; sourceTree = "<group>"; };
		E31D4014254FC64200B63F77 /* BasketController.swift */ = {isa = PBXFileReference; lastKnownFileType = sourcecode.swift; path = BasketController.swift; sourceTree = "<group>"; };
		E31D4017254FC6E800B63F77 /* Basket.storyboard */ = {isa = PBXFileReference; lastKnownFileType = file.storyboard; path = Basket.storyboard; sourceTree = "<group>"; };
		E31D401A2550001000B63F77 /* BasketHeader.swift */ = {isa = PBXFileReference; lastKnownFileType = sourcecode.swift; path = BasketHeader.swift; sourceTree = "<group>"; };
		E31D401D255000FD00B63F77 /* BasketMenuCell.swift */ = {isa = PBXFileReference; lastKnownFileType = sourcecode.swift; path = BasketMenuCell.swift; sourceTree = "<group>"; };
		E33D8536253DC63600E50BAC /* AboutStore.swift */ = {isa = PBXFileReference; lastKnownFileType = sourcecode.swift; path = AboutStore.swift; sourceTree = "<group>"; };
		E33D853A253DC69700E50BAC /* StoreInfoController.swift */ = {isa = PBXFileReference; lastKnownFileType = sourcecode.swift; path = StoreInfoController.swift; sourceTree = "<group>"; };
		E33D853D253DC86A00E50BAC /* StoreMenuController.swift */ = {isa = PBXFileReference; lastKnownFileType = sourcecode.swift; path = StoreMenuController.swift; sourceTree = "<group>"; };
		E33D8541253DC89400E50BAC /* StoreMenuModel.swift */ = {isa = PBXFileReference; lastKnownFileType = sourcecode.swift; path = StoreMenuModel.swift; sourceTree = "<group>"; };
		E33D8545253DC8C800E50BAC /* ASFirstStoreCell.swift */ = {isa = PBXFileReference; lastKnownFileType = sourcecode.swift; path = ASFirstStoreCell.swift; sourceTree = "<group>"; };
		E33D855A253ECB5000E50BAC /* AboutStore.storyboard */ = {isa = PBXFileReference; lastKnownFileType = file.storyboard; path = AboutStore.storyboard; sourceTree = "<group>"; };
		E33D855F253EF24900E50BAC /* ASCategoryCell.swift */ = {isa = PBXFileReference; lastKnownFileType = sourcecode.swift; path = ASCategoryCell.swift; sourceTree = "<group>"; };
		E33D8562253F163000E50BAC /* StoreMenu2Controller.swift */ = {isa = PBXFileReference; lastKnownFileType = sourcecode.swift; path = StoreMenu2Controller.swift; sourceTree = "<group>"; };
		E33D8565253F20E200E50BAC /* ASMenuCell.swift */ = {isa = PBXFileReference; lastKnownFileType = sourcecode.swift; path = ASMenuCell.swift; sourceTree = "<group>"; };
		E34CAF3B255280A200BE3F53 /* Map.storyboard */ = {isa = PBXFileReference; lastKnownFileType = file.storyboard; path = Map.storyboard; sourceTree = "<group>"; };
		E34CAF3E255280B200BE3F53 /* MapController.swift */ = {isa = PBXFileReference; lastKnownFileType = sourcecode.swift; path = MapController.swift; sourceTree = "<group>"; };
		E34CAF412552A36F00BE3F53 /* LocationModel.swift */ = {isa = PBXFileReference; lastKnownFileType = sourcecode.swift; path = LocationModel.swift; sourceTree = "<group>"; };
		E34CAF44255523A500BE3F53 /* SeparateWindowController.swift */ = {isa = PBXFileReference; lastKnownFileType = sourcecode.swift; path = SeparateWindowController.swift; sourceTree = "<group>"; };
		E34CAF6525555B6600BE3F53 /* AlertController.swift */ = {isa = PBXFileReference; lastKnownFileType = sourcecode.swift; path = AlertController.swift; sourceTree = "<group>"; };
		E34CAF6825555B7000BE3F53 /* Alert.storyboard */ = {isa = PBXFileReference; lastKnownFileType = file.storyboard; path = Alert.storyboard; sourceTree = "<group>"; };
		E34CAF6B255567D300BE3F53 /* AlertCell.swift */ = {isa = PBXFileReference; lastKnownFileType = sourcecode.swift; path = AlertCell.swift; sourceTree = "<group>"; };
		E34CAF6E25556A1D00BE3F53 /* AlertModel.swift */ = {isa = PBXFileReference; lastKnownFileType = sourcecode.swift; path = AlertModel.swift; sourceTree = "<group>"; };
		E34CAF712558179600BE3F53 /* LoadingCellCollectionViewCell.swift */ = {isa = PBXFileReference; lastKnownFileType = sourcecode.swift; path = LoadingCellCollectionViewCell.swift; sourceTree = "<group>"; };
		E34CAF862559427100BE3F53 /* ListStoreLoadingCell.swift */ = {isa = PBXFileReference; lastKnownFileType = sourcecode.swift; path = ListStoreLoadingCell.swift; sourceTree = "<group>"; };
		E34CAF8A255959C800BE3F53 /* CouponPageController.swift */ = {isa = PBXFileReference; lastKnownFileType = sourcecode.swift; path = CouponPageController.swift; sourceTree = "<group>"; };
		E34CAF8D255959DA00BE3F53 /* Coupon.storyboard */ = {isa = PBXFileReference; lastKnownFileType = file.storyboard; path = Coupon.storyboard; sourceTree = "<group>"; };
		E34CAF942559814300BE3F53 /* CouponModel.swift */ = {isa = PBXFileReference; lastKnownFileType = sourcecode.swift; path = CouponModel.swift; sourceTree = "<group>"; };
		E34CAF98255A708700BE3F53 /* CouponCell.swift */ = {isa = PBXFileReference; lastKnownFileType = sourcecode.swift; path = CouponCell.swift; sourceTree = "<group>"; };
		E34CAF9B255A89C200BE3F53 /* EventPageController.swift */ = {isa = PBXFileReference; lastKnownFileType = sourcecode.swift; path = EventPageController.swift; sourceTree = "<group>"; };
		E34CAF9F255A89F300BE3F53 /* Event.storyboard */ = {isa = PBXFileReference; lastKnownFileType = file.storyboard; path = Event.storyboard; sourceTree = "<group>"; };
		E3525239260B39E300825813 /* StoreListBigCell.swift */ = {isa = PBXFileReference; lastKnownFileType = sourcecode.swift; path = StoreListBigCell.swift; sourceTree = "<group>"; };
		E356D645256FB20300F39463 /* CustomLabel.swift */ = {isa = PBXFileReference; lastKnownFileType = sourcecode.swift; path = CustomLabel.swift; sourceTree = "<group>"; };
		E356D66A257A5EA900F39463 /* Extensions.swift */ = {isa = PBXFileReference; lastKnownFileType = sourcecode.swift; path = Extensions.swift; sourceTree = "<group>"; };
		E356D66E257DD8B300F39463 /* CouponRegisterController.swift */ = {isa = PBXFileReference; lastKnownFileType = sourcecode.swift; path = CouponRegisterController.swift; sourceTree = "<group>"; };
		E39C15802569529F00520033 /* MenuOrBasket.swift */ = {isa = PBXFileReference; lastKnownFileType = sourcecode.swift; path = MenuOrBasket.swift; sourceTree = "<group>"; };
		E39C15832569E70B00520033 /* EmptyBasket.swift */ = {isa = PBXFileReference; lastKnownFileType = sourcecode.swift; path = EmptyBasket.swift; sourceTree = "<group>"; };
		E3AA04C02583E9D80055454A /* VerticalProgressbar.swift */ = {isa = PBXFileReference; lastKnownFileType = sourcecode.swift; path = VerticalProgressbar.swift; sourceTree = "<group>"; };
		E3AA04C725873F730055454A /* NothingExist.swift */ = {isa = PBXFileReference; lastKnownFileType = sourcecode.swift; path = NothingExist.swift; sourceTree = "<group>"; };
		E3AA04CB258A11570055454A /* FindPassWord.swift */ = {isa = PBXFileReference; lastKnownFileType = sourcecode.swift; path = FindPassWord.swift; sourceTree = "<group>"; };
		E3AA04CE258A19A20055454A /* PhoneCheckForChangePW.swift */ = {isa = PBXFileReference; lastKnownFileType = sourcecode.swift; path = PhoneCheckForChangePW.swift; sourceTree = "<group>"; };
		E3AA04D1258A22400055454A /* SetNewPW.swift */ = {isa = PBXFileReference; lastKnownFileType = sourcecode.swift; path = SetNewPW.swift; sourceTree = "<group>"; };
		E3AA04D6258A35DB0055454A /* FindPWComplete.swift */ = {isa = PBXFileReference; lastKnownFileType = sourcecode.swift; path = FindPWComplete.swift; sourceTree = "<group>"; };
		E3CEDAFB25A3426900EDE823 /* GoLoginController.swift */ = {isa = PBXFileReference; lastKnownFileType = sourcecode.swift; path = GoLoginController.swift; sourceTree = "<group>"; };
		E3CEDAFE25A41B7100EDE823 /* BeforeRegister.swift */ = {isa = PBXFileReference; lastKnownFileType = sourcecode.swift; path = BeforeRegister.swift; sourceTree = "<group>"; };
		E3CEDB0225A83E1400EDE823 /* StoreNotOpen.swift */ = {isa = PBXFileReference; lastKnownFileType = sourcecode.swift; path = StoreNotOpen.swift; sourceTree = "<group>"; };
		E3CEDB0925B0047200EDE823 /* ChangeEmailComplete.swift */ = {isa = PBXFileReference; lastKnownFileType = sourcecode.swift; path = ChangeEmailComplete.swift; sourceTree = "<group>"; };
		E3CEDB0C25B00AF600EDE823 /* ChangePassComplete.swift */ = {isa = PBXFileReference; lastKnownFileType = sourcecode.swift; path = ChangePassComplete.swift; sourceTree = "<group>"; };
		E3F9715F25B2CBA4008CF3D0 /* DuplicateNumber.swift */ = {isa = PBXFileReference; lastKnownFileType = sourcecode.swift; path = DuplicateNumber.swift; sourceTree = "<group>"; };
		E3F971A525C7FE0A008CF3D0 /* NewMainPage.storyboard */ = {isa = PBXFileReference; lastKnownFileType = file.storyboard; path = NewMainPage.storyboard; sourceTree = "<group>"; };
		E3F971A825C7FECB008CF3D0 /* NewMainPageController.swift */ = {isa = PBXFileReference; lastKnownFileType = sourcecode.swift; path = NewMainPageController.swift; sourceTree = "<group>"; };
		E3F971AB25C95C45008CF3D0 /* AppStartDialog.swift */ = {isa = PBXFileReference; lastKnownFileType = sourcecode.swift; path = AppStartDialog.swift; sourceTree = "<group>"; };
		E3F971AE25C989AD008CF3D0 /* AdvertiseModel.swift */ = {isa = PBXFileReference; lastKnownFileType = sourcecode.swift; path = AdvertiseModel.swift; sourceTree = "<group>"; };
		E3F971B525D2BAC1008CF3D0 /* CustomTimer.swift */ = {isa = PBXFileReference; lastKnownFileType = sourcecode.swift; path = CustomTimer.swift; sourceTree = "<group>"; };
		E3F971F625DD5520008CF3D0 /* PayTimeOverDialog.swift */ = {isa = PBXFileReference; lastKnownFileType = sourcecode.swift; path = PayTimeOverDialog.swift; sourceTree = "<group>"; };
		ED03160DBC46E11745206C30 /* Pods_BARO.framework */ = {isa = PBXFileReference; explicitFileType = wrapper.framework; includeInIndex = 0; path = Pods_BARO.framework; sourceTree = BUILT_PRODUCTS_DIR; };
/* End PBXFileReference section */

/* Begin PBXFrameworksBuildPhase section */
		04B86793253B0ECD00336175 /* Frameworks */ = {
			isa = PBXFrameworksBuildPhase;
			buildActionMask = 2147483647;
			files = (
				04583811264E5F92001EE85E /* AppTrackingTransparency.framework in Frameworks */,
				3F1C4A5A259C44A5002C5B5D /* KituraWebSocketClient in Frameworks */,
				AA117C3D03D67B360DB8C173 /* Pods_BARO.framework in Frameworks */,
			);
			runOnlyForDeploymentPostprocessing = 0;
		};
/* End PBXFrameworksBuildPhase section */

/* Begin PBXGroup section */
		04235C722549380200BA2BB1 /* OrderStatus */ = {
			isa = PBXGroup;
			children = (
				04235C732549386100BA2BB1 /* OrderStatus.storyboard */,
				04235C7625493A7100BA2BB1 /* OrderStatusController.swift */,
				04235C7C254949D300BA2BB1 /* OrderStatusCell.swift */,
				04235C80254AA2F500BA2BB1 /* OrderStatusDetailController.swift */,
				04235C83254AA94E00BA2BB1 /* OrderStatusDetail.swift */,
				04235C86254AB05B00BA2BB1 /* OrderStatusDetailCell.swift */,
			);
			path = OrderStatus;
			sourceTree = "<group>";
		};
		04B8678D253B0ECD00336175 = {
			isa = PBXGroup;
			children = (
				04B86798253B0ECD00336175 /* BARO */,
				04B86797253B0ECD00336175 /* Products */,
				E997DD1537C720F796AAE31D /* Pods */,
				133460D23A99534FEB59747D /* Frameworks */,
			);
			sourceTree = "<group>";
		};
		04B86797253B0ECD00336175 /* Products */ = {
			isa = PBXGroup;
			children = (
				04B86796253B0ECD00336175 /* BARO.app */,
			);
			name = Products;
			sourceTree = "<group>";
		};
		04B86798253B0ECD00336175 /* BARO */ = {
			isa = PBXGroup;
			children = (
				046B7A3325B1A416001B8751 /* GoogleService-Info.plist */,
				3F1C4A8425A47A8B002C5B5D /* FirstPage */,
				E34CAF9E255A89CC00BE3F53 /* Event */,
				E34CAF89255959AF00BE3F53 /* CouponPage */,
				E34CAF6425555B4C00BE3F53 /* Alert */,
				3F0F6EA925514EFA00099ACC /* BootPay */,
				E34CAF382552808E00BE3F53 /* Map */,
				04B28D4F255247DE007D1ED6 /* Baro_user_ios.entitlements */,
				E31D4012254FC62300B63F77 /* Basket */,
				3FA196EE2547C311007CD182 /* UserInterface */,
				E31D3FFD2547B8EA00B63F77 /* LoginPage */,
				E3F971A425C7FD31008CF3D0 /* NewMainPage */,
				E31D3FFE2547B95F00B63F77 /* MainPage */,
				E31D40002547B9ED00B63F77 /* ListStore */,
				E31D40022547BA7300B63F77 /* AboutStore */,
				E31D40012547BA2800B63F77 /* OrderDetails */,
				E31D40032547BAD300B63F77 /* OrderHistory */,
				E31D40042547BAFE00B63F77 /* MyPage */,
				E31D40062547BB7E00B63F77 /* Model */,
				E31D40052547BB4100B63F77 /* ETC */,
				3FDE5E632546B6EF00C05514 /* policy */,
				3F499082253EC11B00372F83 /* Font */,
				04B86799253B0ECD00336175 /* AppDelegate.swift */,
				04235C722549380200BA2BB1 /* OrderStatus */,
				04B8679B253B0ECD00336175 /* SceneDelegate.swift */,
				04B8679D253B0ECD00336175 /* ViewController.swift */,
				04B867A2253B0ECF00336175 /* Assets.xcassets */,
				04B867A4253B0ECF00336175 /* LaunchScreen.storyboard */,
				04B867A7253B0ECF00336175 /* Info.plist */,
				048A0BE12541ACBE007D4FD3 /* testController.storyboard */,
				048A0BE42541AD71007D4FD3 /* testController.swift */,
				3FEAF06E254FFC1100A5ABC0 /* FavoriteDialog.swift */,
				04B28D4C255245B5007D1ED6 /* FIrebaseTest.swift */,
				3FA3CEBF256ABB78006F857C /* BasketDialog.swift */,
			);
			path = BARO;
			sourceTree = "<group>";
		};
		133460D23A99534FEB59747D /* Frameworks */ = {
			isa = PBXGroup;
			children = (
				04583810264E5F92001EE85E /* AppTrackingTransparency.framework */,
				ED03160DBC46E11745206C30 /* Pods_BARO.framework */,
			);
			name = Frameworks;
			sourceTree = "<group>";
		};
		3F0F6EA925514EFA00099ACC /* BootPay */ = {
			isa = PBXGroup;
			children = (
				3F0F6EAA25514F0B00099ACC /* MyBootPayController.swift */,
				3F0F6EAE25514F1B00099ACC /* BootPay.storyboard */,
				3FF8137925590C8600036A91 /* FinalPaymentCheckDialog.swift */,
				3F1C4A60259C4E8A002C5B5D /* SendMessage.swift */,
				E3F971F625DD5520008CF3D0 /* PayTimeOverDialog.swift */,
			);
			path = BootPay;
			sourceTree = "<group>";
		};
		3F1C4A8425A47A8B002C5B5D /* FirstPage */ = {
			isa = PBXGroup;
			children = (
				3F1C4A8525A47AB2002C5B5D /* FirstPageController.swift */,
				3F1C4A8825A47AE8002C5B5D /* FirstPage.storyboard */,
			);
			path = FirstPage;
			sourceTree = "<group>";
		};
		3F499082253EC11B00372F83 /* Font */ = {
			isa = PBXGroup;
			children = (
				3F4C5A9A253ECAD700C0E7B6 /* NotoSansKR-Black.otf */,
				3F4C5A9C253ECAD700C0E7B6 /* NotoSansKR-Bold.otf */,
				3F4C5A9E253ECAD700C0E7B6 /* NotoSansKR-Light.otf */,
				3F4C5A9B253ECAD700C0E7B6 /* NotoSansKR-Regular.otf */,
				3F4C5A9D253ECAD700C0E7B6 /* NotoSansKR-Thin.otf */,
			);
			path = Font;
			sourceTree = "<group>";
		};
		3FA196EE2547C311007CD182 /* UserInterface */ = {
			isa = PBXGroup;
			children = (
				3F418FCE254808E100D89665 /* BottomTabBar.storyboard */,
				3FA196F42547E34E007CD182 /* BottomTabBarController.swift */,
				E3CEDAFB25A3426900EDE823 /* GoLoginController.swift */,
				E3F971B525D2BAC1008CF3D0 /* CustomTimer.swift */,
			);
			path = UserInterface;
			sourceTree = "<group>";
		};
		3FDE5E632546B6EF00C05514 /* policy */ = {
			isa = PBXGroup;
			children = (
				04DDBA2225A83DAC00C65AFC /* location_information.html */,
				04DDBA2425A83DAC00C65AFC /* privacy_statement.html */,
				04DDBA2325A83DAC00C65AFC /* terms_of_service.html */,
			);
			path = policy;
			sourceTree = "<group>";
		};
		E31D3FFD2547B8EA00B63F77 /* LoginPage */ = {
			isa = PBXGroup;
			children = (
				3FF35099253E7F3B007B7B29 /* RegisterPageController.swift */,
				3FF35096253E7E72007B7B29 /* LoginPageController.swift */,
				3F49907F253EB18B00372F83 /* LoginPage.storyboard */,
				3FA0D066256B4CBC004E4D83 /* PhoneCheckForRegister.swift */,
				3F041C65256FB689006A2B3B /* PhoneSendForRegister.swift */,
				3FF086332571509F00D02360 /* RegisterCompletePage.swift */,
				E3AA04CB258A11570055454A /* FindPassWord.swift */,
				E3AA04CE258A19A20055454A /* PhoneCheckForChangePW.swift */,
				E3AA04D1258A22400055454A /* SetNewPW.swift */,
				E3AA04D6258A35DB0055454A /* FindPWComplete.swift */,
				3F1C4A54259C21E3002C5B5D /* LoginDialog.swift */,
				E3CEDAFE25A41B7100EDE823 /* BeforeRegister.swift */,
				E3F9715F25B2CBA4008CF3D0 /* DuplicateNumber.swift */,
			);
			path = LoginPage;
			sourceTree = "<group>";
		};
		E31D3FFE2547B95F00B63F77 /* MainPage */ = {
			isa = PBXGroup;
			children = (
				048D55A2253C67B8009E9CE4 /* MainPage.storyboard */,
				048D55A5253C67EC009E9CE4 /* MainPageController.swift */,
				048D55DF253D838E009E9CE4 /* MainPageType.swift */,
				048D55E2253D83AD009E9CE4 /* MainPageTypeCell.swift */,
				048D55B5253D2E0F009E9CE4 /* MainPageEvent.swift */,
				048D55E6253D91C6009E9CE4 /* MainPageEventCell.swift */,
				043DACAB253DA51500C70102 /* MainPageUltraStore.swift */,
				043DACB2253DA69200C70102 /* MainPageUltraStoreCell.swift */,
				048A0BD72540117B007D4FD3 /* MainPageNewStore.swift */,
				048A0BDA25401194007D4FD3 /* MainPageNewStoreCell.swift */,
				04D11F4A2544010800ADB210 /* MainPageSearchController.swift */,
				E3F971AB25C95C45008CF3D0 /* AppStartDialog.swift */,
			);
			path = MainPage;
			sourceTree = "<group>";
		};
		E31D40002547B9ED00B63F77 /* ListStore */ = {
			isa = PBXGroup;
			children = (
				E31D3FD72542ACAC00B63F77 /* StoreListCell.swift */,
				E31D3FD12542ABEF00B63F77 /* StoreListPageController.swift */,
				E31D3FD42542AC3E00B63F77 /* StoreListModel.swift */,
				E31D3FDA2542AD7300B63F77 /* StoreListPage.storyboard */,
				E34CAF862559427100BE3F53 /* ListStoreLoadingCell.swift */,
				E3525239260B39E300825813 /* StoreListBigCell.swift */,
			);
			path = ListStore;
			sourceTree = "<group>";
		};
		E31D40012547BA2800B63F77 /* OrderDetails */ = {
			isa = PBXGroup;
			children = (
				E31D3FE12545DF7D00B63F77 /* OrderDetails.storyboard */,
				E31D3FE52545DFA000B63F77 /* OrderDetailsController.swift */,
				E31D3FEB25465F0200B63F77 /* EssentialCell.swift */,
				E31D3FEE25465F6000B63F77 /* NonEssentialCell.swift */,
				E31D3FF22546887F00B63F77 /* OptionsHeader.swift */,
				E31D3FF5254692A200B63F77 /* OptionCategoryHeader.swift */,
				E31D3FF825469DCE00B63F77 /* EssentialButton.swift */,
				E31D400B254AC7DD00B63F77 /* EssentialRadio.swift */,
				E31D400E254AE4B500B63F77 /* NonEssentialRow.swift */,
				E39C15802569529F00520033 /* MenuOrBasket.swift */,
				E39C15832569E70B00520033 /* EmptyBasket.swift */,
			);
			path = OrderDetails;
			sourceTree = "<group>";
		};
		E31D40022547BA7300B63F77 /* AboutStore */ = {
			isa = PBXGroup;
			children = (
				E33D8545253DC8C800E50BAC /* ASFirstStoreCell.swift */,
				E33D8562253F163000E50BAC /* StoreMenu2Controller.swift */,
				E33D8536253DC63600E50BAC /* AboutStore.swift */,
				E33D853A253DC69700E50BAC /* StoreInfoController.swift */,
				E33D853D253DC86A00E50BAC /* StoreMenuController.swift */,
				E33D855A253ECB5000E50BAC /* AboutStore.storyboard */,
				E33D855F253EF24900E50BAC /* ASCategoryCell.swift */,
				E33D8565253F20E200E50BAC /* ASMenuCell.swift */,
			);
			path = AboutStore;
			sourceTree = "<group>";
		};
		E31D40032547BAD300B63F77 /* OrderHistory */ = {
			isa = PBXGroup;
			children = (
				04D11F412543D31900ADB210 /* OrderHistory.storyboard */,
				04D11F3A2543D2F100ADB210 /* OrderHistoryController.swift */,
				04D11F472543ECB800ADB210 /* OrderHistoryCell.swift */,
				04D11F4E25441CC000ADB210 /* OrderHistoryDetailController.swift */,
				04D11F58254676AE00ADB210 /* OrderHistoryDetail.swift */,
				04D11F5C2546781A00ADB210 /* OrderHistoryDetailCell.swift */,
				E34CAF712558179600BE3F53 /* LoadingCellCollectionViewCell.swift */,
			);
			path = OrderHistory;
			sourceTree = "<group>";
		};
		E31D40042547BAFE00B63F77 /* MyPage */ = {
			isa = PBXGroup;
			children = (
				3F05C563254116AC0066DAAD /* MyPageController.swift */,
				3F05C566254116C70066DAAD /* MyPage.storyboard */,
				3FA4FC822542898E00EF2894 /* MyPageButtons.swift */,
				3FDE5E5D2546A16C00C05514 /* Terms.swift */,
				3FDE5E602546A1C800C05514 /* Terms.storyboard */,
				3FC20E592546E62400EEE783 /* NoticeCell.swift */,
				3FC20E5C2546EEE600EEE783 /* ChangePass.swift */,
				3FC20E5F2546EF0500EEE783 /* ChangePass.storyboard */,
				3FC20E622546EFD400EEE783 /* ChangeEmail.swift */,
				3FC20E652546EFF700EEE783 /* ChangeEmail.storyboard */,
				3F9B48EC254946720012D89F /* ChangePass2.swift */,
				3F90855E257525B100D13759 /* LogoutDialog.swift */,
				E3AA04C725873F730055454A /* NothingExist.swift */,
				E3CEDB0925B0047200EDE823 /* ChangeEmailComplete.swift */,
				E3CEDB0C25B00AF600EDE823 /* ChangePassComplete.swift */,
			);
			path = MyPage;
			sourceTree = "<group>";
		};
		E31D40052547BB4100B63F77 /* ETC */ = {
			isa = PBXGroup;
			children = (
				3F65DCF7254854B40029D36E /* uiLabelAnimation.swift */,
				043DACBA253DAC5600C70102 /* UrlMaker.swift */,
				3F4C5AB6253ED5D000C0E7B6 /* uiViewSettingAttribute.swift */,
				E356D645256FB20300F39463 /* CustomLabel.swift */,
				3F6D861A25653BAA00D65CAC /* ToastMessage.swift */,
				3FECEDD5257658B400E0328F /* DialogForm.swift */,
				E356D66A257A5EA900F39463 /* Extensions.swift */,
				E3AA04C02583E9D80055454A /* VerticalProgressbar.swift */,
			);
			path = ETC;
			sourceTree = "<group>";
		};
		E31D40062547BB7E00B63F77 /* Model */ = {
			isa = PBXGroup;
			children = (
				048D55B9253D575A009E9CE4 /* TypeListModel.swift */,
				048A0BDD2540120A007D4FD3 /* NewStoreListModel.swift */,
				043DACAE253DA54600C70102 /* UltraStoreListModel.swift */,
				043DACB6253DABFB00C70102 /* EventListModel.swift */,
				E33D8541253DC89400E50BAC /* StoreMenuModel.swift */,
				04D11F442543D41D00ADB210 /* OrderHistoryModel.swift */,
				04D11F5125443F1100ADB210 /* OrderHistoryDetailModel.swift */,
				04D11F542544406900ADB210 /* OrderHistoryDetailExtraModel.swift */,
				E31D3FE8254653C700B63F77 /* ExtraModel.swift */,
				3FDE5E672546E37A00C05514 /* NoticeListModel.swift */,
				04235C7925493CB200BA2BB1 /* OrderStatusModel.swift */,
				04235C89254AB35D00BA2BB1 /* OrderStatusDetailModel.swift */,
				04235C8C254AB36B00BA2BB1 /* OrderStatusDetailExtraModel.swift */,
				3FAD95A225527EC600091E3D /* Order.swift */,
				E34CAF412552A36F00BE3F53 /* LocationModel.swift */,
				E34CAF6E25556A1D00BE3F53 /* AlertModel.swift */,
				3F0EB737255A70C400F72604 /* SendServerOrders.swift */,
				E34CAF942559814300BE3F53 /* CouponModel.swift */,
				E3F971AE25C989AD008CF3D0 /* AdvertiseModel.swift */,
			);
			path = Model;
			sourceTree = "<group>";
		};
		E31D4012254FC62300B63F77 /* Basket */ = {
			isa = PBXGroup;
			children = (
				E31D4014254FC64200B63F77 /* BasketController.swift */,
				E31D4017254FC6E800B63F77 /* Basket.storyboard */,
				E31D401A2550001000B63F77 /* BasketHeader.swift */,
				E31D401D255000FD00B63F77 /* BasketMenuCell.swift */,
				E3006A6625501D0900FFBAAB /* BasketEssentialCell.swift */,
				E3006A6925501E3000FFBAAB /* BasketNonEssentialCell.swift */,
				3FE2C29D2557E3A5002E6184 /* CouponForBasket.swift */,
				3FE2C2A02557EFAA002E6184 /* CouponForBasketCell.swift */,
				E3CEDB0225A83E1400EDE823 /* StoreNotOpen.swift */,
			);
			path = Basket;
			sourceTree = "<group>";
		};
		E34CAF382552808E00BE3F53 /* Map */ = {
			isa = PBXGroup;
			children = (
				E34CAF3B255280A200BE3F53 /* Map.storyboard */,
				E34CAF3E255280B200BE3F53 /* MapController.swift */,
				E34CAF44255523A500BE3F53 /* SeparateWindowController.swift */,
			);
			path = Map;
			sourceTree = "<group>";
		};
		E34CAF6425555B4C00BE3F53 /* Alert */ = {
			isa = PBXGroup;
			children = (
				E34CAF6525555B6600BE3F53 /* AlertController.swift */,
				E34CAF6825555B7000BE3F53 /* Alert.storyboard */,
				E34CAF6B255567D300BE3F53 /* AlertCell.swift */,
				3FCC4813257A649B00BAD807 /* AlertContentController.swift */,
			);
			path = Alert;
			sourceTree = "<group>";
		};
		E34CAF89255959AF00BE3F53 /* CouponPage */ = {
			isa = PBXGroup;
			children = (
				E34CAF8A255959C800BE3F53 /* CouponPageController.swift */,
				E34CAF8D255959DA00BE3F53 /* Coupon.storyboard */,
				E34CAF98255A708700BE3F53 /* CouponCell.swift */,
				E356D66E257DD8B300F39463 /* CouponRegisterController.swift */,
			);
			path = CouponPage;
			sourceTree = "<group>";
		};
		E34CAF9E255A89CC00BE3F53 /* Event */ = {
			isa = PBXGroup;
			children = (
				E34CAF9B255A89C200BE3F53 /* EventPageController.swift */,
				E34CAF9F255A89F300BE3F53 /* Event.storyboard */,
			);
			path = Event;
			sourceTree = "<group>";
		};
		E3F971A425C7FD31008CF3D0 /* NewMainPage */ = {
			isa = PBXGroup;
			children = (
				E3F971A525C7FE0A008CF3D0 /* NewMainPage.storyboard */,
				E3F971A825C7FECB008CF3D0 /* NewMainPageController.swift */,
			);
			path = NewMainPage;
			sourceTree = "<group>";
		};
		E997DD1537C720F796AAE31D /* Pods */ = {
			isa = PBXGroup;
			children = (
				6FE1B18B198B2DAE07AD0D8A /* Pods-Baro_user_ios.debug.xcconfig */,
				14573B5E084CAEEB4648A4E4 /* Pods-Baro_user_ios.release.xcconfig */,
				2BC122C8271111DCA4009698 /* Pods-BARO.debug.xcconfig */,
				64AA300156CA01226B973F3F /* Pods-BARO.release.xcconfig */,
			);
			path = Pods;
			sourceTree = "<group>";
		};
/* End PBXGroup section */

/* Begin PBXNativeTarget section */
		04B86795253B0ECD00336175 /* BARO */ = {
			isa = PBXNativeTarget;
			buildConfigurationList = 04B867AA253B0ECF00336175 /* Build configuration list for PBXNativeTarget "BARO" */;
			buildPhases = (
				149778AA4A33992D10EA8DD1 /* [CP] Check Pods Manifest.lock */,
				04B86792253B0ECD00336175 /* Sources */,
				04B86793253B0ECD00336175 /* Frameworks */,
				04B86794253B0ECD00336175 /* Resources */,
				8C5758029755FD6E1071D294 /* [CP] Embed Pods Frameworks */,
			);
			buildRules = (
			);
			dependencies = (
				3F1C4A5E259C4749002C5B5D /* PBXTargetDependency */,
			);
			name = BARO;
			packageProductDependencies = (
				3F1C4A59259C44A5002C5B5D /* KituraWebSocketClient */,
			);
			productName = Baro_user_ios;
			productReference = 04B86796253B0ECD00336175 /* BARO.app */;
			productType = "com.apple.product-type.application";
		};
/* End PBXNativeTarget section */

/* Begin PBXProject section */
		04B8678E253B0ECD00336175 /* Project object */ = {
			isa = PBXProject;
			attributes = {
				KnownAssetTags = (
					MyPageController,
					MyPageControllerPage,
				);
				LastSwiftUpdateCheck = 1200;
				LastUpgradeCheck = 1200;
				TargetAttributes = {
					04B86795253B0ECD00336175 = {
						CreatedOnToolsVersion = 12.0.1;
					};
				};
			};
			buildConfigurationList = 04B86791253B0ECD00336175 /* Build configuration list for PBXProject "BARO" */;
			compatibilityVersion = "Xcode 9.3";
			developmentRegion = en;
			hasScannedForEncodings = 0;
			knownRegions = (
				en,
				Base,
			);
			mainGroup = 04B8678D253B0ECD00336175;
			packageReferences = (
				3F1C4A58259C44A5002C5B5D /* XCRemoteSwiftPackageReference "Kitura-WebSocket-Client" */,
			);
			productRefGroup = 04B86797253B0ECD00336175 /* Products */;
			projectDirPath = "";
			projectRoot = "";
			targets = (
				04B86795253B0ECD00336175 /* BARO */,
			);
		};
/* End PBXProject section */

/* Begin PBXResourcesBuildPhase section */
		04B86794253B0ECD00336175 /* Resources */ = {
			isa = PBXResourcesBuildPhase;
			buildActionMask = 2147483647;
			files = (
				3FC20E602546EF0500EEE783 /* ChangePass.storyboard in Resources */,
				048D55A3253C67B8009E9CE4 /* MainPage.storyboard in Resources */,
				E31D4018254FC6E800B63F77 /* Basket.storyboard in Resources */,
				3F4C5AA1253ECAD700C0E7B6 /* NotoSansKR-Bold.otf in Resources */,
				E31D3FE22545DF7D00B63F77 /* OrderDetails.storyboard in Resources */,
				3F499080253EB18B00372F83 /* LoginPage.storyboard in Resources */,
				3F0F6EAF25514F1B00099ACC /* BootPay.storyboard in Resources */,
				04B867A6253B0ECF00336175 /* LaunchScreen.storyboard in Resources */,
				3F1C4A8925A47AE8002C5B5D /* FirstPage.storyboard in Resources */,
				3F4C5AA2253ECAD700C0E7B6 /* NotoSansKR-Thin.otf in Resources */,
				04DDBA2725A83DAC00C65AFC /* privacy_statement.html in Resources */,
				E34CAF6925555B7000BE3F53 /* Alert.storyboard in Resources */,
				3F4C5A9F253ECAD700C0E7B6 /* NotoSansKR-Black.otf in Resources */,
				3FDE5E612546A1C800C05514 /* Terms.storyboard in Resources */,
				3F05C567254116C70066DAAD /* MyPage.storyboard in Resources */,
				046B7A3425B1A416001B8751 /* GoogleService-Info.plist in Resources */,
				3FC20E662546EFF700EEE783 /* ChangeEmail.storyboard in Resources */,
				E34CAF8E255959DA00BE3F53 /* Coupon.storyboard in Resources */,
				3F4C5AA3253ECAD700C0E7B6 /* NotoSansKR-Light.otf in Resources */,
				E31D3FDB2542AD7300B63F77 /* StoreListPage.storyboard in Resources */,
				04235C742549386100BA2BB1 /* OrderStatus.storyboard in Resources */,
				3F4C5AA0253ECAD700C0E7B6 /* NotoSansKR-Regular.otf in Resources */,
				04DDBA2525A83DAC00C65AFC /* location_information.html in Resources */,
				04B867A3253B0ECF00336175 /* Assets.xcassets in Resources */,
				E33D855B253ECB5000E50BAC /* AboutStore.storyboard in Resources */,
				E3F971A625C7FE0A008CF3D0 /* NewMainPage.storyboard in Resources */,
				04DDBA2625A83DAC00C65AFC /* terms_of_service.html in Resources */,
				E34CAFA0255A89F300BE3F53 /* Event.storyboard in Resources */,
				04D11F422543D31900ADB210 /* OrderHistory.storyboard in Resources */,
				E34CAF3C255280A200BE3F53 /* Map.storyboard in Resources */,
				3F418FCF254808E100D89665 /* BottomTabBar.storyboard in Resources */,
				048A0BE22541ACBE007D4FD3 /* testController.storyboard in Resources */,
			);
			runOnlyForDeploymentPostprocessing = 0;
		};
/* End PBXResourcesBuildPhase section */

/* Begin PBXShellScriptBuildPhase section */
		149778AA4A33992D10EA8DD1 /* [CP] Check Pods Manifest.lock */ = {
			isa = PBXShellScriptBuildPhase;
			buildActionMask = 2147483647;
			files = (
			);
			inputFileListPaths = (
			);
			inputPaths = (
				"${PODS_PODFILE_DIR_PATH}/Podfile.lock",
				"${PODS_ROOT}/Manifest.lock",
			);
			name = "[CP] Check Pods Manifest.lock";
			outputFileListPaths = (
			);
			outputPaths = (
				"$(DERIVED_FILE_DIR)/Pods-BARO-checkManifestLockResult.txt",
			);
			runOnlyForDeploymentPostprocessing = 0;
			shellPath = /bin/sh;
			shellScript = "diff \"${PODS_PODFILE_DIR_PATH}/Podfile.lock\" \"${PODS_ROOT}/Manifest.lock\" > /dev/null\nif [ $? != 0 ] ; then\n    # print error to STDERR\n    echo \"error: The sandbox is not in sync with the Podfile.lock. Run 'pod install' or update your CocoaPods installation.\" >&2\n    exit 1\nfi\n# This output is used by Xcode 'outputs' to avoid re-running this script phase.\necho \"SUCCESS\" > \"${SCRIPT_OUTPUT_FILE_0}\"\n";
			showEnvVarsInLog = 0;
		};
		8C5758029755FD6E1071D294 /* [CP] Embed Pods Frameworks */ = {
			isa = PBXShellScriptBuildPhase;
			buildActionMask = 2147483647;
			files = (
			);
			inputFileListPaths = (
				"${PODS_ROOT}/Target Support Files/Pods-BARO/Pods-BARO-frameworks-${CONFIGURATION}-input-files.xcfilelist",
			);
			name = "[CP] Embed Pods Frameworks";
			outputFileListPaths = (
				"${PODS_ROOT}/Target Support Files/Pods-BARO/Pods-BARO-frameworks-${CONFIGURATION}-output-files.xcfilelist",
			);
			runOnlyForDeploymentPostprocessing = 0;
			shellPath = /bin/sh;
			shellScript = "\"${PODS_ROOT}/Target Support Files/Pods-BARO/Pods-BARO-frameworks.sh\"\n";
			showEnvVarsInLog = 0;
		};
/* End PBXShellScriptBuildPhase section */

/* Begin PBXSourcesBuildPhase section */
		04B86792253B0ECD00336175 /* Sources */ = {
			isa = PBXSourcesBuildPhase;
			buildActionMask = 2147483647;
			files = (
				04D11F5225443F1100ADB210 /* OrderHistoryDetailModel.swift in Sources */,
				E356D646256FB20300F39463 /* CustomLabel.swift in Sources */,
				3FC20E5D2546EEE600EEE783 /* ChangePass.swift in Sources */,
				E33D8566253F20E200E50BAC /* ASMenuCell.swift in Sources */,
				048D55E0253D838E009E9CE4 /* MainPageType.swift in Sources */,
				E3CEDB0325A83E1400EDE823 /* StoreNotOpen.swift in Sources */,
				043DACB3253DA69200C70102 /* MainPageUltraStoreCell.swift in Sources */,
				04B8679E253B0ECD00336175 /* ViewController.swift in Sources */,
				E31D400C254AC7DE00B63F77 /* EssentialRadio.swift in Sources */,
				E3CEDB0D25B00AF600EDE823 /* ChangePassComplete.swift in Sources */,
				3F0F6EAB25514F0B00099ACC /* MyBootPayController.swift in Sources */,
				04B8679A253B0ECD00336175 /* AppDelegate.swift in Sources */,
				E356D66F257DD8B400F39463 /* CouponRegisterController.swift in Sources */,
				043DACBB253DAC5600C70102 /* UrlMaker.swift in Sources */,
				E3F971B625D2BAC1008CF3D0 /* CustomTimer.swift in Sources */,
				E3AA04D7258A35DC0055454A /* FindPWComplete.swift in Sources */,
				E3F971AF25C989AD008CF3D0 /* AdvertiseModel.swift in Sources */,
				3FC20E632546EFD400EEE783 /* ChangeEmail.swift in Sources */,
				E34CAF45255523A600BE3F53 /* SeparateWindowController.swift in Sources */,
				E31D3FD82542ACAC00B63F77 /* StoreListCell.swift in Sources */,
				E3F9716025B2CBA4008CF3D0 /* DuplicateNumber.swift in Sources */,
				3F1C4A61259C4E8A002C5B5D /* SendMessage.swift in Sources */,
				043DACB7253DABFB00C70102 /* EventListModel.swift in Sources */,
				3F041C66256FB689006A2B3B /* PhoneSendForRegister.swift in Sources */,
				E3F971A925C7FECB008CF3D0 /* NewMainPageController.swift in Sources */,
				E3AA04CC258A11580055454A /* FindPassWord.swift in Sources */,
				E3AA04C825873F730055454A /* NothingExist.swift in Sources */,
				E31D3FF925469DCE00B63F77 /* EssentialButton.swift in Sources */,
				E31D401B2550001000B63F77 /* BasketHeader.swift in Sources */,
				E31D3FE9254653C700B63F77 /* ExtraModel.swift in Sources */,
				3F4C5AB7253ED5D000C0E7B6 /* uiViewSettingAttribute.swift in Sources */,
				3FA3CEC0256ABB78006F857C /* BasketDialog.swift in Sources */,
				E34CAF9C255A89C300BE3F53 /* EventPageController.swift in Sources */,
				E31D3FEC25465F0200B63F77 /* EssentialCell.swift in Sources */,
				3FDE5E5E2546A16C00C05514 /* Terms.swift in Sources */,
				04235C8D254AB36B00BA2BB1 /* OrderStatusDetailExtraModel.swift in Sources */,
				E33D853E253DC86A00E50BAC /* StoreMenuController.swift in Sources */,
				04D11F4F25441CC000ADB210 /* OrderHistoryDetailController.swift in Sources */,
				04235C7D254949D300BA2BB1 /* OrderStatusCell.swift in Sources */,
				048D55A6253C67EC009E9CE4 /* MainPageController.swift in Sources */,
				04D11F4B2544010800ADB210 /* MainPageSearchController.swift in Sources */,
				3F05C564254116AC0066DAAD /* MyPageController.swift in Sources */,
				3F90855F257525B100D13759 /* LogoutDialog.swift in Sources */,
				04D11F59254676AE00ADB210 /* OrderHistoryDetail.swift in Sources */,
				04D11F5D2546781A00ADB210 /* OrderHistoryDetailCell.swift in Sources */,
				04D11F552544406900ADB210 /* OrderHistoryDetailExtraModel.swift in Sources */,
				3FECEDD6257658B400E0328F /* DialogForm.swift in Sources */,
				3FF8137A25590C8600036A91 /* FinalPaymentCheckDialog.swift in Sources */,
				3FF086342571509F00D02360 /* RegisterCompletePage.swift in Sources */,
				04235C81254AA2F500BA2BB1 /* OrderStatusDetailController.swift in Sources */,
				E33D8563253F163000E50BAC /* StoreMenu2Controller.swift in Sources */,
				04D11F3B2543D2F100ADB210 /* OrderHistoryController.swift in Sources */,
				E34CAF99255A708700BE3F53 /* CouponCell.swift in Sources */,
				3FCC4814257A649B00BAD807 /* AlertContentController.swift in Sources */,
				048D55B6253D2E0F009E9CE4 /* MainPageEvent.swift in Sources */,
				043DACAC253DA51500C70102 /* MainPageUltraStore.swift in Sources */,
				3FE2C29E2557E3A5002E6184 /* CouponForBasket.swift in Sources */,
				E31D3FEF25465F6000B63F77 /* NonEssentialCell.swift in Sources */,
				E3AA04D2258A22400055454A /* SetNewPW.swift in Sources */,
				3FE2C2A12557EFAA002E6184 /* CouponForBasketCell.swift in Sources */,
				E34CAF6625555B6600BE3F53 /* AlertController.swift in Sources */,
				3F0EB738255A70C400F72604 /* SendServerOrders.swift in Sources */,
				E31D4015254FC64300B63F77 /* BasketController.swift in Sources */,
				3FA4FC832542898E00EF2894 /* MyPageButtons.swift in Sources */,
				E356D66B257A5EAA00F39463 /* Extensions.swift in Sources */,
				04235C7725493A7100BA2BB1 /* OrderStatusController.swift in Sources */,
				3F1C4A55259C21E3002C5B5D /* LoginDialog.swift in Sources */,
				E31D3FF6254692A200B63F77 /* OptionCategoryHeader.swift in Sources */,
				E31D3FF32546887F00B63F77 /* OptionsHeader.swift in Sources */,
				E3F971AC25C95C45008CF3D0 /* AppStartDialog.swift in Sources */,
				E34CAF6C255567D400BE3F53 /* AlertCell.swift in Sources */,
				E3CEDB0A25B0047300EDE823 /* ChangeEmailComplete.swift in Sources */,
				3FF35097253E7E72007B7B29 /* LoginPageController.swift in Sources */,
				E34CAF3F255280B200BE3F53 /* MapController.swift in Sources */,
				E352523A260B39E300825813 /* StoreListBigCell.swift in Sources */,
				E34CAF422552A36F00BE3F53 /* LocationModel.swift in Sources */,
				3FC20E5A2546E62400EEE783 /* NoticeCell.swift in Sources */,
				04B8679C253B0ECD00336175 /* SceneDelegate.swift in Sources */,
				04D11F482543ECB800ADB210 /* OrderHistoryCell.swift in Sources */,
				E3AA04CF258A19A20055454A /* PhoneCheckForChangePW.swift in Sources */,
				E31D3FD52542AC3E00B63F77 /* StoreListModel.swift in Sources */,
				04235C8A254AB35D00BA2BB1 /* OrderStatusDetailModel.swift in Sources */,
				3FAD95A325527EC600091E3D /* Order.swift in Sources */,
				04235C7A25493CB200BA2BB1 /* OrderStatusModel.swift in Sources */,
				3FA196F52547E34E007CD182 /* BottomTabBarController.swift in Sources */,
				04B28D4D255245B5007D1ED6 /* FIrebaseTest.swift in Sources */,
				3F6D861B25653BAA00D65CAC /* ToastMessage.swift in Sources */,
				E34CAF732558179600BE3F53 /* LoadingCellCollectionViewCell.swift in Sources */,
				E33D8546253DC8C800E50BAC /* ASFirstStoreCell.swift in Sources */,
				E3006A6725501D0900FFBAAB /* BasketEssentialCell.swift in Sources */,
				3F9B48ED254946720012D89F /* ChangePass2.swift in Sources */,
				E33D853B253DC69700E50BAC /* StoreInfoController.swift in Sources */,
				04235C84254AA94E00BA2BB1 /* OrderStatusDetail.swift in Sources */,
				048A0BE52541AD71007D4FD3 /* testController.swift in Sources */,
				E33D8560253EF24A00E50BAC /* ASCategoryCell.swift in Sources */,
				E34CAF6F25556A1D00BE3F53 /* AlertModel.swift in Sources */,
				04235C87254AB05B00BA2BB1 /* OrderStatusDetailCell.swift in Sources */,
				E34CAF8B255959C800BE3F53 /* CouponPageController.swift in Sources */,
				048D55E3253D83AD009E9CE4 /* MainPageTypeCell.swift in Sources */,
				E31D3FD22542ABEF00B63F77 /* StoreListPageController.swift in Sources */,
				E31D401E255000FD00B63F77 /* BasketMenuCell.swift in Sources */,
				E31D3FE62545DFA000B63F77 /* OrderDetailsController.swift in Sources */,
				E34CAF872559427100BE3F53 /* ListStoreLoadingCell.swift in Sources */,
				E39C15842569E70B00520033 /* EmptyBasket.swift in Sources */,
				048D55BA253D575A009E9CE4 /* TypeListModel.swift in Sources */,
				E34CAF952559814300BE3F53 /* CouponModel.swift in Sources */,
				048A0BDB25401194007D4FD3 /* MainPageNewStoreCell.swift in Sources */,
				048A0BD82540117B007D4FD3 /* MainPageNewStore.swift in Sources */,
				E31D400F254AE4B500B63F77 /* NonEssentialRow.swift in Sources */,
				3FA0D067256B4CBC004E4D83 /* PhoneCheckForRegister.swift in Sources */,
				3FDE5E682546E37A00C05514 /* NoticeListModel.swift in Sources */,
				048D55E7253D91C6009E9CE4 /* MainPageEventCell.swift in Sources */,
				E3006A6A25501E3000FFBAAB /* BasketNonEssentialCell.swift in Sources */,
				E3CEDAFC25A3426900EDE823 /* GoLoginController.swift in Sources */,
				E33D8542253DC89400E50BAC /* StoreMenuModel.swift in Sources */,
				3FEAF06F254FFC1100A5ABC0 /* FavoriteDialog.swift in Sources */,
				048A0BDE2540120A007D4FD3 /* NewStoreListModel.swift in Sources */,
				3F65DCF8254854B40029D36E /* uiLabelAnimation.swift in Sources */,
				E3CEDAFF25A41B7100EDE823 /* BeforeRegister.swift in Sources */,
				3F1C4A8625A47AB2002C5B5D /* FirstPageController.swift in Sources */,
				E3AA04C12583E9D80055454A /* VerticalProgressbar.swift in Sources */,
				E33D8537253DC63600E50BAC /* AboutStore.swift in Sources */,
				04D11F452543D41D00ADB210 /* OrderHistoryModel.swift in Sources */,
				E39C1581256952A000520033 /* MenuOrBasket.swift in Sources */,
				E3F971F725DD5521008CF3D0 /* PayTimeOverDialog.swift in Sources */,
				3FF3509A253E7F3B007B7B29 /* RegisterPageController.swift in Sources */,
				043DACAF253DA54600C70102 /* UltraStoreListModel.swift in Sources */,
			);
			runOnlyForDeploymentPostprocessing = 0;
		};
/* End PBXSourcesBuildPhase section */

/* Begin PBXTargetDependency section */
		3F1C4A5E259C4749002C5B5D /* PBXTargetDependency */ = {
			isa = PBXTargetDependency;
		};
/* End PBXTargetDependency section */

/* Begin PBXVariantGroup section */
		04B867A4253B0ECF00336175 /* LaunchScreen.storyboard */ = {
			isa = PBXVariantGroup;
			children = (
				04B867A5253B0ECF00336175 /* Base */,
			);
			name = LaunchScreen.storyboard;
			sourceTree = "<group>";
		};
/* End PBXVariantGroup section */

/* Begin XCBuildConfiguration section */
		04B867A8253B0ECF00336175 /* Debug */ = {
			isa = XCBuildConfiguration;
			buildSettings = {
				ALWAYS_SEARCH_USER_PATHS = NO;
				CLANG_ANALYZER_NONNULL = YES;
				CLANG_ANALYZER_NUMBER_OBJECT_CONVERSION = YES_AGGRESSIVE;
				CLANG_CXX_LANGUAGE_STANDARD = "gnu++14";
				CLANG_CXX_LIBRARY = "libc++";
				CLANG_ENABLE_MODULES = YES;
				CLANG_ENABLE_OBJC_ARC = YES;
				CLANG_ENABLE_OBJC_WEAK = YES;
				CLANG_WARN_BLOCK_CAPTURE_AUTORELEASING = YES;
				CLANG_WARN_BOOL_CONVERSION = YES;
				CLANG_WARN_COMMA = YES;
				CLANG_WARN_CONSTANT_CONVERSION = YES;
				CLANG_WARN_DEPRECATED_OBJC_IMPLEMENTATIONS = YES;
				CLANG_WARN_DIRECT_OBJC_ISA_USAGE = YES_ERROR;
				CLANG_WARN_DOCUMENTATION_COMMENTS = YES;
				CLANG_WARN_EMPTY_BODY = YES;
				CLANG_WARN_ENUM_CONVERSION = YES;
				CLANG_WARN_INFINITE_RECURSION = YES;
				CLANG_WARN_INT_CONVERSION = YES;
				CLANG_WARN_NON_LITERAL_NULL_CONVERSION = YES;
				CLANG_WARN_OBJC_IMPLICIT_RETAIN_SELF = YES;
				CLANG_WARN_OBJC_LITERAL_CONVERSION = YES;
				CLANG_WARN_OBJC_ROOT_CLASS = YES_ERROR;
				CLANG_WARN_QUOTED_INCLUDE_IN_FRAMEWORK_HEADER = YES;
				CLANG_WARN_RANGE_LOOP_ANALYSIS = YES;
				CLANG_WARN_STRICT_PROTOTYPES = YES;
				CLANG_WARN_SUSPICIOUS_MOVE = YES;
				CLANG_WARN_UNGUARDED_AVAILABILITY = YES_AGGRESSIVE;
				CLANG_WARN_UNREACHABLE_CODE = YES;
				CLANG_WARN__DUPLICATE_METHOD_MATCH = YES;
				CODE_SIGN_IDENTITY = "Apple Distribution";
				COPY_PHASE_STRIP = NO;
				DEBUG_INFORMATION_FORMAT = dwarf;
				DEVELOPMENT_TEAM = J4HX7ZWJHF;
				ENABLE_STRICT_OBJC_MSGSEND = YES;
				ENABLE_TESTABILITY = YES;
				GCC_C_LANGUAGE_STANDARD = gnu11;
				GCC_DYNAMIC_NO_PIC = NO;
				GCC_NO_COMMON_BLOCKS = YES;
				GCC_OPTIMIZATION_LEVEL = 0;
				GCC_PREPROCESSOR_DEFINITIONS = (
					"DEBUG=1",
					"$(inherited)",
				);
				GCC_WARN_64_TO_32_BIT_CONVERSION = YES;
				GCC_WARN_ABOUT_RETURN_TYPE = YES_ERROR;
				GCC_WARN_UNDECLARED_SELECTOR = YES;
				GCC_WARN_UNINITIALIZED_AUTOS = YES_AGGRESSIVE;
				GCC_WARN_UNUSED_FUNCTION = YES;
				GCC_WARN_UNUSED_VARIABLE = YES;
				IPHONEOS_DEPLOYMENT_TARGET = 13.1;
				MTL_ENABLE_DEBUG_INFO = INCLUDE_SOURCE;
				MTL_FAST_MATH = YES;
				ONLY_ACTIVE_ARCH = YES;
				SDKROOT = iphoneos;
				SWIFT_ACTIVE_COMPILATION_CONDITIONS = DEBUG;
				SWIFT_OPTIMIZATION_LEVEL = "-Onone";
			};
			name = Debug;
		};
		04B867A9253B0ECF00336175 /* Release */ = {
			isa = XCBuildConfiguration;
			buildSettings = {
				ALWAYS_SEARCH_USER_PATHS = NO;
				CLANG_ANALYZER_NONNULL = YES;
				CLANG_ANALYZER_NUMBER_OBJECT_CONVERSION = YES_AGGRESSIVE;
				CLANG_CXX_LANGUAGE_STANDARD = "gnu++14";
				CLANG_CXX_LIBRARY = "libc++";
				CLANG_ENABLE_MODULES = YES;
				CLANG_ENABLE_OBJC_ARC = YES;
				CLANG_ENABLE_OBJC_WEAK = YES;
				CLANG_WARN_BLOCK_CAPTURE_AUTORELEASING = YES;
				CLANG_WARN_BOOL_CONVERSION = YES;
				CLANG_WARN_COMMA = YES;
				CLANG_WARN_CONSTANT_CONVERSION = YES;
				CLANG_WARN_DEPRECATED_OBJC_IMPLEMENTATIONS = YES;
				CLANG_WARN_DIRECT_OBJC_ISA_USAGE = YES_ERROR;
				CLANG_WARN_DOCUMENTATION_COMMENTS = YES;
				CLANG_WARN_EMPTY_BODY = YES;
				CLANG_WARN_ENUM_CONVERSION = YES;
				CLANG_WARN_INFINITE_RECURSION = YES;
				CLANG_WARN_INT_CONVERSION = YES;
				CLANG_WARN_NON_LITERAL_NULL_CONVERSION = YES;
				CLANG_WARN_OBJC_IMPLICIT_RETAIN_SELF = YES;
				CLANG_WARN_OBJC_LITERAL_CONVERSION = YES;
				CLANG_WARN_OBJC_ROOT_CLASS = YES_ERROR;
				CLANG_WARN_QUOTED_INCLUDE_IN_FRAMEWORK_HEADER = YES;
				CLANG_WARN_RANGE_LOOP_ANALYSIS = YES;
				CLANG_WARN_STRICT_PROTOTYPES = YES;
				CLANG_WARN_SUSPICIOUS_MOVE = YES;
				CLANG_WARN_UNGUARDED_AVAILABILITY = YES_AGGRESSIVE;
				CLANG_WARN_UNREACHABLE_CODE = YES;
				CLANG_WARN__DUPLICATE_METHOD_MATCH = YES;
				CODE_SIGN_IDENTITY = "Apple Distribution";
				COPY_PHASE_STRIP = NO;
				DEBUG_INFORMATION_FORMAT = "dwarf-with-dsym";
				DEVELOPMENT_TEAM = J4HX7ZWJHF;
				ENABLE_NS_ASSERTIONS = NO;
				ENABLE_STRICT_OBJC_MSGSEND = YES;
				GCC_C_LANGUAGE_STANDARD = gnu11;
				GCC_NO_COMMON_BLOCKS = YES;
				GCC_WARN_64_TO_32_BIT_CONVERSION = YES;
				GCC_WARN_ABOUT_RETURN_TYPE = YES_ERROR;
				GCC_WARN_UNDECLARED_SELECTOR = YES;
				GCC_WARN_UNINITIALIZED_AUTOS = YES_AGGRESSIVE;
				GCC_WARN_UNUSED_FUNCTION = YES;
				GCC_WARN_UNUSED_VARIABLE = YES;
				IPHONEOS_DEPLOYMENT_TARGET = 13.1;
				MTL_ENABLE_DEBUG_INFO = NO;
				MTL_FAST_MATH = YES;
				SDKROOT = iphoneos;
				SWIFT_COMPILATION_MODE = wholemodule;
				SWIFT_OPTIMIZATION_LEVEL = "-O";
				VALIDATE_PRODUCT = YES;
			};
			name = Release;
		};
		04B867AB253B0ECF00336175 /* Debug */ = {
			isa = XCBuildConfiguration;
			baseConfigurationReference = 2BC122C8271111DCA4009698 /* Pods-BARO.debug.xcconfig */;
			buildSettings = {
				ASSETCATALOG_COMPILER_APPICON_NAME = AppIcon;
				ASSETCATALOG_COMPILER_GLOBAL_ACCENT_COLOR_NAME = AccentColor;
				CLANG_WARN_QUOTED_INCLUDE_IN_FRAMEWORK_HEADER = NO;
				CODE_SIGN_ENTITLEMENTS = BARO/Baro_user_ios.entitlements;
				CODE_SIGN_IDENTITY = "Apple Development";
				CODE_SIGN_STYLE = Automatic;
				DEVELOPMENT_TEAM = J4HX7ZWJHF;
				FRAMEWORK_SEARCH_PATHS = (
					"$(inherited)",
					"$(PROJECT_DIR)",
				);
				INFOPLIST_FILE = BARO/Info.plist;
				LD_RUNPATH_SEARCH_PATHS = (
					"$(inherited)",
					"@executable_path/Frameworks",
				);
				MARKETING_VERSION = 1.1.7;
				OTHER_LDFLAGS = (
					"$(inherited)",
					"-ObjC",
					"-framework",
					"\"Alamofire\"",
					"-framework",
					"\"AlignedCollectionViewFlowLayout\"",
					"-framework",
					"\"CFNetwork\"",
					"-framework",
					"\"CircuitBreaker\"",
					"-framework",
					"\"CryptoSwift\"",
					"-framework",
					"\"Kingfisher\"",
					"-framework",
					"\"KituraContracts\"",
					"-framework",
					"\"KituraKit\"",
					"-framework",
					"\"LoggerAPI\"",
					"-framework",
					"\"Logging\"",
					"-framework",
					"\"ObjectMapper\"",
					"-framework",
					"\"SwiftyBootpay\"",
					"-framework",
					"\"SwiftyJSON\"",
					"-framework",
					"\"SwiftyRequest\"",
				);
				PRODUCT_BUNDLE_IDENTIFIER = com.tpn.baro;
				PRODUCT_NAME = "$(TARGET_NAME)";
				PROVISIONING_PROFILE_SPECIFIER = "";
				SWIFT_VERSION = 5.0;
				TARGETED_DEVICE_FAMILY = "1,2";
			};
			name = Debug;
		};
		04B867AC253B0ECF00336175 /* Release */ = {
			isa = XCBuildConfiguration;
			baseConfigurationReference = 64AA300156CA01226B973F3F /* Pods-BARO.release.xcconfig */;
			buildSettings = {
				ASSETCATALOG_COMPILER_APPICON_NAME = AppIcon;
				ASSETCATALOG_COMPILER_GLOBAL_ACCENT_COLOR_NAME = AccentColor;
				CLANG_WARN_QUOTED_INCLUDE_IN_FRAMEWORK_HEADER = NO;
				CODE_SIGN_ENTITLEMENTS = BARO/Baro_user_ios.entitlements;
				CODE_SIGN_IDENTITY = "Apple Development";
				CODE_SIGN_STYLE = Automatic;
				DEVELOPMENT_TEAM = J4HX7ZWJHF;
				FRAMEWORK_SEARCH_PATHS = (
					"$(inherited)",
					"$(PROJECT_DIR)",
				);
				INFOPLIST_FILE = BARO/Info.plist;
				LD_RUNPATH_SEARCH_PATHS = (
					"$(inherited)",
					"@executable_path/Frameworks",
				);
				MARKETING_VERSION = 1.1.7;
				OTHER_LDFLAGS = (
					"$(inherited)",
					"-ObjC",
					"-framework",
					"\"Alamofire\"",
					"-framework",
					"\"AlignedCollectionViewFlowLayout\"",
					"-framework",
					"\"CFNetwork\"",
					"-framework",
					"\"CircuitBreaker\"",
					"-framework",
					"\"CryptoSwift\"",
					"-framework",
					"\"Kingfisher\"",
					"-framework",
					"\"KituraContracts\"",
					"-framework",
					"\"KituraKit\"",
					"-framework",
					"\"LoggerAPI\"",
					"-framework",
					"\"Logging\"",
					"-framework",
					"\"ObjectMapper\"",
					"-framework",
					"\"SwiftyBootpay\"",
					"-framework",
					"\"SwiftyJSON\"",
					"-framework",
					"\"SwiftyRequest\"",
				);
				PRODUCT_BUNDLE_IDENTIFIER = com.tpn.baro;
				PRODUCT_NAME = "$(TARGET_NAME)";
				PROVISIONING_PROFILE_SPECIFIER = "";
				SWIFT_VERSION = 5.0;
				TARGETED_DEVICE_FAMILY = "1,2";
			};
			name = Release;
		};
/* End XCBuildConfiguration section */

/* Begin XCConfigurationList section */
		04B86791253B0ECD00336175 /* Build configuration list for PBXProject "BARO" */ = {
			isa = XCConfigurationList;
			buildConfigurations = (
				04B867A8253B0ECF00336175 /* Debug */,
				04B867A9253B0ECF00336175 /* Release */,
			);
			defaultConfigurationIsVisible = 0;
			defaultConfigurationName = Release;
		};
		04B867AA253B0ECF00336175 /* Build configuration list for PBXNativeTarget "BARO" */ = {
			isa = XCConfigurationList;
			buildConfigurations = (
				04B867AB253B0ECF00336175 /* Debug */,
				04B867AC253B0ECF00336175 /* Release */,
			);
			defaultConfigurationIsVisible = 0;
			defaultConfigurationName = Release;
		};
/* End XCConfigurationList section */

/* Begin XCRemoteSwiftPackageReference section */
		3F1C4A58259C44A5002C5B5D /* XCRemoteSwiftPackageReference "Kitura-WebSocket-Client" */ = {
			isa = XCRemoteSwiftPackageReference;
			repositoryURL = "https://github.com/Kitura/Kitura-WebSocket-Client.git";
			requirement = {
				branch = master;
				kind = branch;
			};
		};
/* End XCRemoteSwiftPackageReference section */

/* Begin XCSwiftPackageProductDependency section */
		3F1C4A59259C44A5002C5B5D /* KituraWebSocketClient */ = {
			isa = XCSwiftPackageProductDependency;
			package = 3F1C4A58259C44A5002C5B5D /* XCRemoteSwiftPackageReference "Kitura-WebSocket-Client" */;
			productName = KituraWebSocketClient;
		};
/* End XCSwiftPackageProductDependency section */
	};
	rootObject = 04B8678E253B0ECD00336175 /* Project object */;
}
